// !$*UTF8*$!
{
	archiveVersion = 1;
	classes = {
	};
	objectVersion = 46;
	objects = {

/* Begin PBXBuildFile section */
		09144A7313C2997E00388B00 /* Entitlements.plist in Resources */ = {isa = PBXBuildFile; fileRef = 09144A7213C2997E00388B00 /* Entitlements.plist */; };
		092354B313A1D7EB00DA740F /* CFNetwork.framework in Frameworks */ = {isa = PBXBuildFile; fileRef = 092354B213A1D7EB00DA740F /* CFNetwork.framework */; };
		092354B513A1D7F000DA740F /* SystemConfiguration.framework in Frameworks */ = {isa = PBXBuildFile; fileRef = 092354B413A1D7F000DA740F /* SystemConfiguration.framework */; };
		092354B713A1D83C00DA740F /* MobileCoreServices.framework in Frameworks */ = {isa = PBXBuildFile; fileRef = 092354B613A1D83C00DA740F /* MobileCoreServices.framework */; };
		095ACE8613C68EA300566243 /* AudioToolbox.framework in Frameworks */ = {isa = PBXBuildFile; fileRef = 095ACE8513C68EA300566243 /* AudioToolbox.framework */; };
		099CCEAD13F9E3760039A464 /* libz.1.1.3.dylib in Frameworks */ = {isa = PBXBuildFile; fileRef = 099CCEAC13F9E3760039A464 /* libz.1.1.3.dylib */; };
		09ABC07213A1D52D009C3FCF /* UIKit.framework in Frameworks */ = {isa = PBXBuildFile; fileRef = 09ABC07113A1D52D009C3FCF /* UIKit.framework */; };
		09ABC07413A1D52D009C3FCF /* Foundation.framework in Frameworks */ = {isa = PBXBuildFile; fileRef = 09ABC07313A1D52D009C3FCF /* Foundation.framework */; };
		09ABC07F13A1D52D009C3FCF /* main.m in Sources */ = {isa = PBXBuildFile; fileRef = 09ABC07E13A1D52D009C3FCF /* main.m */; };
		09ABC08213A1D52D009C3FCF /* GMCAppDelegate.m in Sources */ = {isa = PBXBuildFile; fileRef = 09ABC08113A1D52D009C3FCF /* GMCAppDelegate.m */; };
		09BEF34C13D51C3F001BBCDB /* Security.framework in Frameworks */ = {isa = PBXBuildFile; fileRef = 09BEF34B13D51C3F001BBCDB /* Security.framework */; };
		2FCDD6B014A573F500295AAC /* QuartzCore.framework in Frameworks */ = {isa = PBXBuildFile; fileRef = 2FCDD6AF14A573F500295AAC /* QuartzCore.framework */; };
		4C057322166AE74D00EF6FAD /* FacebookLogin.png in Resources */ = {isa = PBXBuildFile; fileRef = 4C057321166AE74D00EF6FAD /* FacebookLogin.png */; };
		4C0F449B1929B08A0069B254 /* GMCVenueCard.m in Sources */ = {isa = PBXBuildFile; fileRef = 4C0F449A1929B08A0069B254 /* GMCVenueCard.m */; };
		4C0F449D1929B09F0069B254 /* GMCVenueCard.xib in Resources */ = {isa = PBXBuildFile; fileRef = 4C0F449C1929B09F0069B254 /* GMCVenueCard.xib */; };
		4C188D251698C72C004CF42D /* MapKit.framework in Frameworks */ = {isa = PBXBuildFile; fileRef = 4C188D241698C72B004CF42D /* MapKit.framework */; };
		4C3ACECA180B2A9F00DC0CEE /* MessageUI.framework in Frameworks */ = {isa = PBXBuildFile; fileRef = 4C3ACEC9180B2A9F00DC0CEE /* MessageUI.framework */; };
		4C4157EB19987DAD008C81E3 /* Foursquare2.m in Sources */ = {isa = PBXBuildFile; fileRef = 4C4157DC19987DAC008C81E3 /* Foursquare2.m */; };
		4C4157EC19987DAD008C81E3 /* FSKeychain.m in Sources */ = {isa = PBXBuildFile; fileRef = 4C4157DE19987DAC008C81E3 /* FSKeychain.m */; };
		4C4157ED19987DAD008C81E3 /* FSOAuthNoAppStore.m in Sources */ = {isa = PBXBuildFile; fileRef = 4C4157E019987DAC008C81E3 /* FSOAuthNoAppStore.m */; };
		4C4157EE19987DAD008C81E3 /* FSOperation.m in Sources */ = {isa = PBXBuildFile; fileRef = 4C4157E219987DAC008C81E3 /* FSOperation.m */; };
		4C4157EF19987DAD008C81E3 /* FSWebLogin.m in Sources */ = {isa = PBXBuildFile; fileRef = 4C4157E419987DAC008C81E3 /* FSWebLogin.m */; };
		4C4157F019987DAD008C81E3 /* FSWebLogin.xib in Resources */ = {isa = PBXBuildFile; fileRef = 4C4157E519987DAC008C81E3 /* FSWebLogin.xib */; };
		4C4157F319987DAD008C81E3 /* poweredByFoursquare_gray.png in Resources */ = {isa = PBXBuildFile; fileRef = 4C4157E819987DAD008C81E3 /* poweredByFoursquare_gray.png */; };
		4C4157F419987DAD008C81E3 /* poweredByFoursquare_gray@2x.png in Resources */ = {isa = PBXBuildFile; fileRef = 4C4157E919987DAD008C81E3 /* poweredByFoursquare_gray@2x.png */; };
		4C4157F819987DB5008C81E3 /* CFAsyncImageView.m in Sources */ = {isa = PBXBuildFile; fileRef = 4C4157F719987DB5008C81E3 /* CFAsyncImageView.m */; };
		4C4158021998811A008C81E3 /* libTestFlight.a in Frameworks */ = {isa = PBXBuildFile; fileRef = 4C4157FB1998811A008C81E3 /* libTestFlight.a */; };
		4C4158041998811A008C81E3 /* release_notes.md in Resources */ = {isa = PBXBuildFile; fileRef = 4C4157FD1998811A008C81E3 /* release_notes.md */; };
		4C41580819988152008C81E3 /* libFlurry_4.4.0.a in Frameworks */ = {isa = PBXBuildFile; fileRef = 4C41580719988152008C81E3 /* libFlurry_4.4.0.a */; };
		4C41580B19988353008C81E3 /* GMCLocationManager.m in Sources */ = {isa = PBXBuildFile; fileRef = 4C41580A19988353008C81E3 /* GMCLocationManager.m */; };
		4C415820199887C4008C81E3 /* MLUIColor+HexColor.m in Sources */ = {isa = PBXBuildFile; fileRef = 4C41581A199887C4008C81E3 /* MLUIColor+HexColor.m */; };
		4C415821199887C4008C81E3 /* MLUIView+Coordinates.m in Sources */ = {isa = PBXBuildFile; fileRef = 4C41581D199887C4008C81E3 /* MLUIView+Coordinates.m */; };
		4C444E4E17A0017D00288139 /* FacebookLogin@2x.png in Resources */ = {isa = PBXBuildFile; fileRef = 4C444E4D17A0017D00288139 /* FacebookLogin@2x.png */; };
		4C466042176FB63E00D1FE3A /* white@2x.png in Resources */ = {isa = PBXBuildFile; fileRef = 4C466041176FB63E00D1FE3A /* white@2x.png */; };
		4C466044176FB69F00D1FE3A /* white.png in Resources */ = {isa = PBXBuildFile; fileRef = 4C466043176FB69F00D1FE3A /* white.png */; };
		4C7795371929DDFB00999AEC /* ratingBad@2x.png in Resources */ = {isa = PBXBuildFile; fileRef = 4C7795341929DDFB00999AEC /* ratingBad@2x.png */; };
		4C7795381929DDFB00999AEC /* ratingGood@2x.png in Resources */ = {isa = PBXBuildFile; fileRef = 4C7795351929DDFB00999AEC /* ratingGood@2x.png */; };
		4C7795391929DDFB00999AEC /* ratingMid@2x.png in Resources */ = {isa = PBXBuildFile; fileRef = 4C7795361929DDFB00999AEC /* ratingMid@2x.png */; };
		4C89DFD617EDE01200428B7E /* CoreText.framework in Frameworks */ = {isa = PBXBuildFile; fileRef = 4C89DFD517EDE01200428B7E /* CoreText.framework */; };
		4C8F7BCA177B58920015B2A8 /* white@2x~ipad.png in Resources */ = {isa = PBXBuildFile; fileRef = 4C8F7BC8177B58920015B2A8 /* white@2x~ipad.png */; };
		4C8F7BCB177B58920015B2A8 /* white~ipad.png in Resources */ = {isa = PBXBuildFile; fileRef = 4C8F7BC9177B58920015B2A8 /* white~ipad.png */; };
		4C90A23918D190EF00768B81 /* Images.xcassets in Resources */ = {isa = PBXBuildFile; fileRef = 4C90A23818D190EF00768B81 /* Images.xcassets */; };
		4C9BB09419299AB70098B2C8 /* GMCVenueLoader.m in Sources */ = {isa = PBXBuildFile; fileRef = 4C9BB09319299AB70098B2C8 /* GMCVenueLoader.m */; };
		4C9BB09819299CE20098B2C8 /* GMCMainViewController.m in Sources */ = {isa = PBXBuildFile; fileRef = 4C9BB09619299CE20098B2C8 /* GMCMainViewController.m */; };
		4C9BB09919299CE20098B2C8 /* GMCMainViewController.xib in Resources */ = {isa = PBXBuildFile; fileRef = 4C9BB09719299CE20098B2C8 /* GMCMainViewController.xib */; };
		4C9D1B5317A6A098007B0FEA /* Localizable.strings in Resources */ = {isa = PBXBuildFile; fileRef = 4C9D1B5217A6A098007B0FEA /* Localizable.strings */; };
		4CA6B5FF19369C27006FDB1F /* glyphCocktail@2x.png in Resources */ = {isa = PBXBuildFile; fileRef = 4CA6B5FC19369C27006FDB1F /* glyphCocktail@2x.png */; };
		4CA6B60019369C27006FDB1F /* glyphCoffee@2x.png in Resources */ = {isa = PBXBuildFile; fileRef = 4CA6B5FD19369C27006FDB1F /* glyphCoffee@2x.png */; };
		4CA6B60119369C27006FDB1F /* glyphLunch@2x.png in Resources */ = {isa = PBXBuildFile; fileRef = 4CA6B5FE19369C27006FDB1F /* glyphLunch@2x.png */; };
		4CADBC44194BD77D00AB51CF /* loadingIndicator@2x.png in Resources */ = {isa = PBXBuildFile; fileRef = 4CADBC43194BD77D00AB51CF /* loadingIndicator@2x.png */; };
		4CB46D8418D14E6000BBED30 /* GMCGlobal.m in Sources */ = {isa = PBXBuildFile; fileRef = 4CB46D8318D14E6000BBED30 /* GMCGlobal.m */; };
		4CB46D8A18D154EC00BBED30 /* GMCVenue.m in Sources */ = {isa = PBXBuildFile; fileRef = 4CB46D8918D154EC00BBED30 /* GMCVenue.m */; };
		4CD5D67F1942C65C0038DFBD /* glyphTreats@2x.png in Resources */ = {isa = PBXBuildFile; fileRef = 4CD5D67E1942C65C0038DFBD /* glyphTreats@2x.png */; };
		4CEAEFE1176FC26300578254 /* MainWindow.xib in Resources */ = {isa = PBXBuildFile; fileRef = 4CEAEFE0176FC26300578254 /* MainWindow.xib */; };
		4CF2DE3717960DF40052E92B /* Crashlytics.framework in Frameworks */ = {isa = PBXBuildFile; fileRef = 4CF2DE3617960DF40052E92B /* Crashlytics.framework */; };
		6372FF531613CC3C002132AF /* Accounts.framework in Frameworks */ = {isa = PBXBuildFile; fileRef = 6372FF521613CC3C002132AF /* Accounts.framework */; settings = {ATTRIBUTES = (Weak, ); }; };
		743D7B6D157DA60100084B67 /* CoreGraphics.framework in Frameworks */ = {isa = PBXBuildFile; fileRef = 743D7B6C157DA60100084B67 /* CoreGraphics.framework */; };
		97E170D7174D3C1F00BA0094 /* bg@2x.png in Resources */ = {isa = PBXBuildFile; fileRef = 97E170D5174D3C1F00BA0094 /* bg@2x.png */; };
		97E170E2174E8F1B00BA0094 /* bg.png in Resources */ = {isa = PBXBuildFile; fileRef = 97E170E0174E8F1B00BA0094 /* bg.png */; };
		97E18B1F1624CB5700B17A67 /* CoreLocation.framework in Frameworks */ = {isa = PBXBuildFile; fileRef = 97E18B1E1624CB5700B17A67 /* CoreLocation.framework */; settings = {ATTRIBUTES = (Required, ); }; };
/* End PBXBuildFile section */

/* Begin PBXFileReference section */
		09144A7213C2997E00388B00 /* Entitlements.plist */ = {isa = PBXFileReference; fileEncoding = 4; lastKnownFileType = text.plist.xml; path = Entitlements.plist; sourceTree = "<group>"; };
		092354B213A1D7EB00DA740F /* CFNetwork.framework */ = {isa = PBXFileReference; lastKnownFileType = wrapper.framework; name = CFNetwork.framework; path = System/Library/Frameworks/CFNetwork.framework; sourceTree = SDKROOT; };
		092354B413A1D7F000DA740F /* SystemConfiguration.framework */ = {isa = PBXFileReference; lastKnownFileType = wrapper.framework; name = SystemConfiguration.framework; path = System/Library/Frameworks/SystemConfiguration.framework; sourceTree = SDKROOT; };
		092354B613A1D83C00DA740F /* MobileCoreServices.framework */ = {isa = PBXFileReference; lastKnownFileType = wrapper.framework; name = MobileCoreServices.framework; path = System/Library/Frameworks/MobileCoreServices.framework; sourceTree = SDKROOT; };
		095ACE8513C68EA300566243 /* AudioToolbox.framework */ = {isa = PBXFileReference; lastKnownFileType = wrapper.framework; name = AudioToolbox.framework; path = System/Library/Frameworks/AudioToolbox.framework; sourceTree = SDKROOT; };
		099CCEAC13F9E3760039A464 /* libz.1.1.3.dylib */ = {isa = PBXFileReference; lastKnownFileType = "compiled.mach-o.dylib"; name = libz.1.1.3.dylib; path = usr/lib/libz.1.1.3.dylib; sourceTree = SDKROOT; };
		09ABC06D13A1D52D009C3FCF /* LocalTreats.app */ = {isa = PBXFileReference; explicitFileType = wrapper.application; includeInIndex = 0; path = LocalTreats.app; sourceTree = BUILT_PRODUCTS_DIR; };
		09ABC07113A1D52D009C3FCF /* UIKit.framework */ = {isa = PBXFileReference; lastKnownFileType = wrapper.framework; name = UIKit.framework; path = System/Library/Frameworks/UIKit.framework; sourceTree = SDKROOT; };
		09ABC07313A1D52D009C3FCF /* Foundation.framework */ = {isa = PBXFileReference; lastKnownFileType = wrapper.framework; name = Foundation.framework; path = System/Library/Frameworks/Foundation.framework; sourceTree = SDKROOT; };
		09ABC07913A1D52D009C3FCF /* LocalTreats.plist */ = {isa = PBXFileReference; lastKnownFileType = text.plist.xml; path = LocalTreats.plist; sourceTree = "<group>"; };
		09ABC07D13A1D52D009C3FCF /* LocalTreats.pch */ = {isa = PBXFileReference; lastKnownFileType = sourcecode.c.h; path = LocalTreats.pch; sourceTree = "<group>"; };
		09ABC07E13A1D52D009C3FCF /* main.m */ = {isa = PBXFileReference; lastKnownFileType = sourcecode.c.objc; path = main.m; sourceTree = "<group>"; };
		09ABC08013A1D52D009C3FCF /* GMCAppDelegate.h */ = {isa = PBXFileReference; lastKnownFileType = sourcecode.c.h; path = GMCAppDelegate.h; sourceTree = "<group>"; };
		09ABC08113A1D52D009C3FCF /* GMCAppDelegate.m */ = {isa = PBXFileReference; lastKnownFileType = sourcecode.c.objc; path = GMCAppDelegate.m; sourceTree = "<group>"; };
		09BEF34B13D51C3F001BBCDB /* Security.framework */ = {isa = PBXFileReference; lastKnownFileType = wrapper.framework; name = Security.framework; path = System/Library/Frameworks/Security.framework; sourceTree = SDKROOT; };
		2FCDD6AF14A573F500295AAC /* QuartzCore.framework */ = {isa = PBXFileReference; lastKnownFileType = wrapper.framework; name = QuartzCore.framework; path = System/Library/Frameworks/QuartzCore.framework; sourceTree = SDKROOT; };
		4C02D35C17B12906008E19EB /* AVFoundation.framework */ = {isa = PBXFileReference; lastKnownFileType = wrapper.framework; name = AVFoundation.framework; path = System/Library/Frameworks/AVFoundation.framework; sourceTree = SDKROOT; };
		4C057321166AE74D00EF6FAD /* FacebookLogin.png */ = {isa = PBXFileReference; lastKnownFileType = image.png; name = FacebookLogin.png; path = resources/FacebookLogin.png; sourceTree = "<group>"; };
		4C0F44991929B08A0069B254 /* GMCVenueCard.h */ = {isa = PBXFileReference; fileEncoding = 4; lastKnownFileType = sourcecode.c.h; path = GMCVenueCard.h; sourceTree = "<group>"; };
		4C0F449A1929B08A0069B254 /* GMCVenueCard.m */ = {isa = PBXFileReference; fileEncoding = 4; lastKnownFileType = sourcecode.c.objc; path = GMCVenueCard.m; sourceTree = "<group>"; };
		4C0F449C1929B09F0069B254 /* GMCVenueCard.xib */ = {isa = PBXFileReference; fileEncoding = 4; lastKnownFileType = file.xib; path = GMCVenueCard.xib; sourceTree = "<group>"; };
		4C188D241698C72B004CF42D /* MapKit.framework */ = {isa = PBXFileReference; lastKnownFileType = wrapper.framework; name = MapKit.framework; path = System/Library/Frameworks/MapKit.framework; sourceTree = SDKROOT; };
		4C3ACEC9180B2A9F00DC0CEE /* MessageUI.framework */ = {isa = PBXFileReference; lastKnownFileType = wrapper.framework; name = MessageUI.framework; path = System/Library/Frameworks/MessageUI.framework; sourceTree = SDKROOT; };
		4C4157DB19987DAC008C81E3 /* Foursquare2.h */ = {isa = PBXFileReference; fileEncoding = 4; lastKnownFileType = sourcecode.c.h; path = Foursquare2.h; sourceTree = "<group>"; };
		4C4157DC19987DAC008C81E3 /* Foursquare2.m */ = {isa = PBXFileReference; fileEncoding = 4; lastKnownFileType = sourcecode.c.objc; path = Foursquare2.m; sourceTree = "<group>"; };
		4C4157DD19987DAC008C81E3 /* FSKeychain.h */ = {isa = PBXFileReference; fileEncoding = 4; lastKnownFileType = sourcecode.c.h; path = FSKeychain.h; sourceTree = "<group>"; };
		4C4157DE19987DAC008C81E3 /* FSKeychain.m */ = {isa = PBXFileReference; fileEncoding = 4; lastKnownFileType = sourcecode.c.objc; path = FSKeychain.m; sourceTree = "<group>"; };
		4C4157DF19987DAC008C81E3 /* FSOAuthNoAppStore.h */ = {isa = PBXFileReference; fileEncoding = 4; lastKnownFileType = sourcecode.c.h; path = FSOAuthNoAppStore.h; sourceTree = "<group>"; };
		4C4157E019987DAC008C81E3 /* FSOAuthNoAppStore.m */ = {isa = PBXFileReference; fileEncoding = 4; lastKnownFileType = sourcecode.c.objc; path = FSOAuthNoAppStore.m; sourceTree = "<group>"; };
		4C4157E119987DAC008C81E3 /* FSOperation.h */ = {isa = PBXFileReference; fileEncoding = 4; lastKnownFileType = sourcecode.c.h; path = FSOperation.h; sourceTree = "<group>"; };
		4C4157E219987DAC008C81E3 /* FSOperation.m */ = {isa = PBXFileReference; fileEncoding = 4; lastKnownFileType = sourcecode.c.objc; path = FSOperation.m; sourceTree = "<group>"; };
		4C4157E319987DAC008C81E3 /* FSWebLogin.h */ = {isa = PBXFileReference; fileEncoding = 4; lastKnownFileType = sourcecode.c.h; path = FSWebLogin.h; sourceTree = "<group>"; };
		4C4157E419987DAC008C81E3 /* FSWebLogin.m */ = {isa = PBXFileReference; fileEncoding = 4; lastKnownFileType = sourcecode.c.objc; path = FSWebLogin.m; sourceTree = "<group>"; };
		4C4157E519987DAC008C81E3 /* FSWebLogin.xib */ = {isa = PBXFileReference; fileEncoding = 4; lastKnownFileType = file.xib; path = FSWebLogin.xib; sourceTree = "<group>"; };
		4C4157E819987DAD008C81E3 /* poweredByFoursquare_gray.png */ = {isa = PBXFileReference; lastKnownFileType = image.png; path = poweredByFoursquare_gray.png; sourceTree = "<group>"; };
		4C4157E919987DAD008C81E3 /* poweredByFoursquare_gray@2x.png */ = {isa = PBXFileReference; lastKnownFileType = image.png; path = "poweredByFoursquare_gray@2x.png"; sourceTree = "<group>"; };
		4C4157F619987DB5008C81E3 /* CFAsyncImageView.h */ = {isa = PBXFileReference; fileEncoding = 4; lastKnownFileType = sourcecode.c.h; path = CFAsyncImageView.h; sourceTree = "<group>"; };
		4C4157F719987DB5008C81E3 /* CFAsyncImageView.m */ = {isa = PBXFileReference; fileEncoding = 4; lastKnownFileType = sourcecode.c.objc; path = CFAsyncImageView.m; sourceTree = "<group>"; };
		4C4157FB1998811A008C81E3 /* libTestFlight.a */ = {isa = PBXFileReference; lastKnownFileType = archive.ar; path = libTestFlight.a; sourceTree = "<group>"; };
		4C4157FC1998811A008C81E3 /* README.md */ = {isa = PBXFileReference; fileEncoding = 4; lastKnownFileType = text; path = README.md; sourceTree = "<group>"; };
		4C4157FD1998811A008C81E3 /* release_notes.md */ = {isa = PBXFileReference; fileEncoding = 4; lastKnownFileType = text; path = release_notes.md; sourceTree = "<group>"; };
		4C4157FE1998811A008C81E3 /* TestFlight+AsyncLogging.h */ = {isa = PBXFileReference; fileEncoding = 4; lastKnownFileType = sourcecode.c.h; path = "TestFlight+AsyncLogging.h"; sourceTree = "<group>"; };
		4C4157FF1998811A008C81E3 /* TestFlight+ManualSessions.h */ = {isa = PBXFileReference; fileEncoding = 4; lastKnownFileType = sourcecode.c.h; path = "TestFlight+ManualSessions.h"; sourceTree = "<group>"; };
		4C4158001998811A008C81E3 /* TestFlight.h */ = {isa = PBXFileReference; fileEncoding = 4; lastKnownFileType = sourcecode.c.h; path = TestFlight.h; sourceTree = "<group>"; };
		4C41580619988152008C81E3 /* Flurry.h */ = {isa = PBXFileReference; fileEncoding = 4; lastKnownFileType = sourcecode.c.h; path = Flurry.h; sourceTree = "<group>"; };
		4C41580719988152008C81E3 /* libFlurry_4.4.0.a */ = {isa = PBXFileReference; lastKnownFileType = archive.ar; path = libFlurry_4.4.0.a; sourceTree = "<group>"; };
		4C41580919988353008C81E3 /* GMCLocationManager.h */ = {isa = PBXFileReference; fileEncoding = 4; lastKnownFileType = sourcecode.c.h; path = GMCLocationManager.h; sourceTree = "<group>"; };
		4C41580A19988353008C81E3 /* GMCLocationManager.m */ = {isa = PBXFileReference; fileEncoding = 4; lastKnownFileType = sourcecode.c.objc; path = GMCLocationManager.m; sourceTree = "<group>"; };
		4C415819199887C4008C81E3 /* MLUIColor+HexColor.h */ = {isa = PBXFileReference; fileEncoding = 4; lastKnownFileType = sourcecode.c.h; path = "MLUIColor+HexColor.h"; sourceTree = "<group>"; };
		4C41581A199887C4008C81E3 /* MLUIColor+HexColor.m */ = {isa = PBXFileReference; fileEncoding = 4; lastKnownFileType = sourcecode.c.objc; path = "MLUIColor+HexColor.m"; sourceTree = "<group>"; };
		4C41581B199887C4008C81E3 /* MLUIDefinitions.h */ = {isa = PBXFileReference; fileEncoding = 4; lastKnownFileType = sourcecode.c.h; path = MLUIDefinitions.h; sourceTree = "<group>"; };
		4C41581C199887C4008C81E3 /* MLUIView+Coordinates.h */ = {isa = PBXFileReference; fileEncoding = 4; lastKnownFileType = sourcecode.c.h; path = "MLUIView+Coordinates.h"; sourceTree = "<group>"; };
		4C41581D199887C4008C81E3 /* MLUIView+Coordinates.m */ = {isa = PBXFileReference; fileEncoding = 4; lastKnownFileType = sourcecode.c.objc; path = "MLUIView+Coordinates.m"; sourceTree = "<group>"; };
		4C444E4D17A0017D00288139 /* FacebookLogin@2x.png */ = {isa = PBXFileReference; lastKnownFileType = image.png; name = "FacebookLogin@2x.png"; path = "resources/FacebookLogin@2x.png"; sourceTree = "<group>"; };
		4C466041176FB63E00D1FE3A /* white@2x.png */ = {isa = PBXFileReference; lastKnownFileType = image.png; name = "white@2x.png"; path = "resources/white@2x.png"; sourceTree = "<group>"; };
		4C466043176FB69F00D1FE3A /* white.png */ = {isa = PBXFileReference; lastKnownFileType = image.png; name = white.png; path = resources/white.png; sourceTree = "<group>"; };
		4C7795341929DDFB00999AEC /* ratingBad@2x.png */ = {isa = PBXFileReference; lastKnownFileType = image.png; path = "ratingBad@2x.png"; sourceTree = "<group>"; };
		4C7795351929DDFB00999AEC /* ratingGood@2x.png */ = {isa = PBXFileReference; lastKnownFileType = image.png; path = "ratingGood@2x.png"; sourceTree = "<group>"; };
		4C7795361929DDFB00999AEC /* ratingMid@2x.png */ = {isa = PBXFileReference; lastKnownFileType = image.png; path = "ratingMid@2x.png"; sourceTree = "<group>"; };
		4C89DFD517EDE01200428B7E /* CoreText.framework */ = {isa = PBXFileReference; lastKnownFileType = wrapper.framework; name = CoreText.framework; path = System/Library/Frameworks/CoreText.framework; sourceTree = SDKROOT; };
		4C8F7BC8177B58920015B2A8 /* white@2x~ipad.png */ = {isa = PBXFileReference; lastKnownFileType = image.png; name = "white@2x~ipad.png"; path = "resources/white@2x~ipad.png"; sourceTree = "<group>"; };
		4C8F7BC9177B58920015B2A8 /* white~ipad.png */ = {isa = PBXFileReference; lastKnownFileType = image.png; name = "white~ipad.png"; path = "resources/white~ipad.png"; sourceTree = "<group>"; };
		4C90A23818D190EF00768B81 /* Images.xcassets */ = {isa = PBXFileReference; lastKnownFileType = folder.assetcatalog; path = Images.xcassets; sourceTree = "<group>"; };
		4C9BB09219299AB70098B2C8 /* GMCVenueLoader.h */ = {isa = PBXFileReference; fileEncoding = 4; lastKnownFileType = sourcecode.c.h; path = GMCVenueLoader.h; sourceTree = "<group>"; };
		4C9BB09319299AB70098B2C8 /* GMCVenueLoader.m */ = {isa = PBXFileReference; fileEncoding = 4; lastKnownFileType = sourcecode.c.objc; path = GMCVenueLoader.m; sourceTree = "<group>"; };
		4C9BB09519299CE20098B2C8 /* GMCMainViewController.h */ = {isa = PBXFileReference; fileEncoding = 4; lastKnownFileType = sourcecode.c.h; path = GMCMainViewController.h; sourceTree = "<group>"; };
		4C9BB09619299CE20098B2C8 /* GMCMainViewController.m */ = {isa = PBXFileReference; fileEncoding = 4; lastKnownFileType = sourcecode.c.objc; path = GMCMainViewController.m; sourceTree = "<group>"; };
		4C9BB09719299CE20098B2C8 /* GMCMainViewController.xib */ = {isa = PBXFileReference; fileEncoding = 4; lastKnownFileType = file.xib; path = GMCMainViewController.xib; sourceTree = "<group>"; };
		4C9D1B5217A6A098007B0FEA /* Localizable.strings */ = {isa = PBXFileReference; fileEncoding = 4; lastKnownFileType = text.plist.strings; name = Localizable.strings; path = resources/Localizable.strings; sourceTree = "<group>"; };
		4CA6B5FC19369C27006FDB1F /* glyphCocktail@2x.png */ = {isa = PBXFileReference; lastKnownFileType = image.png; path = "glyphCocktail@2x.png"; sourceTree = "<group>"; };
		4CA6B5FD19369C27006FDB1F /* glyphCoffee@2x.png */ = {isa = PBXFileReference; lastKnownFileType = image.png; path = "glyphCoffee@2x.png"; sourceTree = "<group>"; };
		4CA6B5FE19369C27006FDB1F /* glyphLunch@2x.png */ = {isa = PBXFileReference; lastKnownFileType = image.png; path = "glyphLunch@2x.png"; sourceTree = "<group>"; };
		4CADBC43194BD77D00AB51CF /* loadingIndicator@2x.png */ = {isa = PBXFileReference; lastKnownFileType = image.png; path = "loadingIndicator@2x.png"; sourceTree = "<group>"; };
		4CB46D8218D14E6000BBED30 /* GMCGlobal.h */ = {isa = PBXFileReference; fileEncoding = 4; lastKnownFileType = sourcecode.c.h; path = GMCGlobal.h; sourceTree = "<group>"; };
		4CB46D8318D14E6000BBED30 /* GMCGlobal.m */ = {isa = PBXFileReference; fileEncoding = 4; lastKnownFileType = sourcecode.c.objc; path = GMCGlobal.m; sourceTree = "<group>"; };
		4CB46D8818D154EC00BBED30 /* GMCVenue.h */ = {isa = PBXFileReference; fileEncoding = 4; lastKnownFileType = sourcecode.c.h; path = GMCVenue.h; sourceTree = "<group>"; };
		4CB46D8918D154EC00BBED30 /* GMCVenue.m */ = {isa = PBXFileReference; fileEncoding = 4; lastKnownFileType = sourcecode.c.objc; path = GMCVenue.m; sourceTree = "<group>"; };
		4CD2683F1798685F003B0FB8 /* GMCParams.h */ = {isa = PBXFileReference; fileEncoding = 4; lastKnownFileType = sourcecode.c.h; path = GMCParams.h; sourceTree = "<group>"; };
		4CD5D67E1942C65C0038DFBD /* glyphTreats@2x.png */ = {isa = PBXFileReference; lastKnownFileType = image.png; path = "glyphTreats@2x.png"; sourceTree = "<group>"; };
		4CEAEFE0176FC26300578254 /* MainWindow.xib */ = {isa = PBXFileReference; fileEncoding = 4; lastKnownFileType = file.xib; path = MainWindow.xib; sourceTree = "<group>"; };
		4CF2DE3617960DF40052E92B /* Crashlytics.framework */ = {isa = PBXFileReference; lastKnownFileType = wrapper.framework; path = Crashlytics.framework; sourceTree = "<group>"; };
		6372FF521613CC3C002132AF /* Accounts.framework */ = {isa = PBXFileReference; lastKnownFileType = wrapper.framework; name = Accounts.framework; path = System/Library/Frameworks/Accounts.framework; sourceTree = SDKROOT; };
		743D7B6C157DA60100084B67 /* CoreGraphics.framework */ = {isa = PBXFileReference; lastKnownFileType = wrapper.framework; name = CoreGraphics.framework; path = System/Library/Frameworks/CoreGraphics.framework; sourceTree = SDKROOT; };
		97E170D5174D3C1F00BA0094 /* bg@2x.png */ = {isa = PBXFileReference; lastKnownFileType = image.png; name = "bg@2x.png"; path = "resources/bg@2x.png"; sourceTree = "<group>"; };
		97E170E0174E8F1B00BA0094 /* bg.png */ = {isa = PBXFileReference; lastKnownFileType = image.png; name = bg.png; path = resources/bg.png; sourceTree = "<group>"; };
		97E18B1E1624CB5700B17A67 /* CoreLocation.framework */ = {isa = PBXFileReference; lastKnownFileType = wrapper.framework; name = CoreLocation.framework; path = System/Library/Frameworks/CoreLocation.framework; sourceTree = SDKROOT; };
/* End PBXFileReference section */

/* Begin PBXFrameworksBuildPhase section */
		09ABC06A13A1D52D009C3FCF /* Frameworks */ = {
			isa = PBXFrameworksBuildPhase;
			buildActionMask = 2147483647;
			files = (
				4C3ACECA180B2A9F00DC0CEE /* MessageUI.framework in Frameworks */,
				4C89DFD617EDE01200428B7E /* CoreText.framework in Frameworks */,
				2FCDD6B014A573F500295AAC /* QuartzCore.framework in Frameworks */,
				4C188D251698C72C004CF42D /* MapKit.framework in Frameworks */,
				97E18B1F1624CB5700B17A67 /* CoreLocation.framework in Frameworks */,
				6372FF531613CC3C002132AF /* Accounts.framework in Frameworks */,
				743D7B6D157DA60100084B67 /* CoreGraphics.framework in Frameworks */,
				099CCEAD13F9E3760039A464 /* libz.1.1.3.dylib in Frameworks */,
				4C4158021998811A008C81E3 /* libTestFlight.a in Frameworks */,
				09BEF34C13D51C3F001BBCDB /* Security.framework in Frameworks */,
				095ACE8613C68EA300566243 /* AudioToolbox.framework in Frameworks */,
				092354B713A1D83C00DA740F /* MobileCoreServices.framework in Frameworks */,
				092354B513A1D7F000DA740F /* SystemConfiguration.framework in Frameworks */,
				092354B313A1D7EB00DA740F /* CFNetwork.framework in Frameworks */,
				4C41580819988152008C81E3 /* libFlurry_4.4.0.a in Frameworks */,
				09ABC07213A1D52D009C3FCF /* UIKit.framework in Frameworks */,
				09ABC07413A1D52D009C3FCF /* Foundation.framework in Frameworks */,
				4CF2DE3717960DF40052E92B /* Crashlytics.framework in Frameworks */,
			);
			runOnlyForDeploymentPostprocessing = 0;
		};
/* End PBXFrameworksBuildPhase section */

/* Begin PBXGroup section */
		09ABC06213A1D52D009C3FCF = {
			isa = PBXGroup;
			children = (
				4C90A23818D190EF00768B81 /* Images.xcassets */,
				47534DC916A7143F008CC823 /* Externals */,
				09ABC07713A1D52D009C3FCF /* Project */,
				4C7795331929DDFB00999AEC /* Resources */,
				09ABC07013A1D52D009C3FCF /* Frameworks */,
				09ABC06E13A1D52D009C3FCF /* Products */,
			);
			sourceTree = "<group>";
		};
		09ABC06E13A1D52D009C3FCF /* Products */ = {
			isa = PBXGroup;
			children = (
				09ABC06D13A1D52D009C3FCF /* LocalTreats.app */,
			);
			name = Products;
			sourceTree = "<group>";
		};
		09ABC07013A1D52D009C3FCF /* Frameworks */ = {
			isa = PBXGroup;
			children = (
				4C41580519988152008C81E3 /* Flurry */,
				4C4157FA1998811A008C81E3 /* TestFlightSDK3 */,
				4C3ACEC9180B2A9F00DC0CEE /* MessageUI.framework */,
				4C89DFD517EDE01200428B7E /* CoreText.framework */,
				4C02D35C17B12906008E19EB /* AVFoundation.framework */,
				4CF2DE3617960DF40052E92B /* Crashlytics.framework */,
				4C188D241698C72B004CF42D /* MapKit.framework */,
				6372FF521613CC3C002132AF /* Accounts.framework */,
				095ACE8513C68EA300566243 /* AudioToolbox.framework */,
				092354B213A1D7EB00DA740F /* CFNetwork.framework */,
				743D7B6C157DA60100084B67 /* CoreGraphics.framework */,
				97E18B1E1624CB5700B17A67 /* CoreLocation.framework */,
				09ABC07313A1D52D009C3FCF /* Foundation.framework */,
				099CCEAC13F9E3760039A464 /* libz.1.1.3.dylib */,
				092354B613A1D83C00DA740F /* MobileCoreServices.framework */,
				2FCDD6AF14A573F500295AAC /* QuartzCore.framework */,
				09BEF34B13D51C3F001BBCDB /* Security.framework */,
				092354B413A1D7F000DA740F /* SystemConfiguration.framework */,
				09ABC07113A1D52D009C3FCF /* UIKit.framework */,
			);
			name = Frameworks;
			sourceTree = "<group>";
		};
		09ABC07713A1D52D009C3FCF /* Project */ = {
			isa = PBXGroup;
			children = (
				09ABC07813A1D52D009C3FCF /* Supporting Files */,
				4CD2683F1798685F003B0FB8 /* GMCParams.h */,
				09ABC08013A1D52D009C3FCF /* GMCAppDelegate.h */,
				09ABC08113A1D52D009C3FCF /* GMCAppDelegate.m */,
				4CB46D8218D14E6000BBED30 /* GMCGlobal.h */,
				4CB46D8318D14E6000BBED30 /* GMCGlobal.m */,
				4CB46D8818D154EC00BBED30 /* GMCVenue.h */,
				4CB46D8918D154EC00BBED30 /* GMCVenue.m */,
				4C9BB09219299AB70098B2C8 /* GMCVenueLoader.h */,
				4C9BB09319299AB70098B2C8 /* GMCVenueLoader.m */,
				4C9BB09519299CE20098B2C8 /* GMCMainViewController.h */,
				4C9BB09619299CE20098B2C8 /* GMCMainViewController.m */,
				4C9BB09719299CE20098B2C8 /* GMCMainViewController.xib */,
				4C0F44991929B08A0069B254 /* GMCVenueCard.h */,
				4C0F449A1929B08A0069B254 /* GMCVenueCard.m */,
				4C0F449C1929B09F0069B254 /* GMCVenueCard.xib */,
				4C41580919988353008C81E3 /* GMCLocationManager.h */,
				4C41580A19988353008C81E3 /* GMCLocationManager.m */,
			);
			path = Project;
			sourceTree = "<group>";
		};
		09ABC07813A1D52D009C3FCF /* Supporting Files */ = {
			isa = PBXGroup;
			children = (
				97E170E0174E8F1B00BA0094 /* bg.png */,
				97E170D5174D3C1F00BA0094 /* bg@2x.png */,
				4C466043176FB69F00D1FE3A /* white.png */,
				4C466041176FB63E00D1FE3A /* white@2x.png */,
				4C8F7BC9177B58920015B2A8 /* white~ipad.png */,
				4C8F7BC8177B58920015B2A8 /* white@2x~ipad.png */,
				09ABC07913A1D52D009C3FCF /* LocalTreats.plist */,
				09ABC07D13A1D52D009C3FCF /* LocalTreats.pch */,
				09144A7213C2997E00388B00 /* Entitlements.plist */,
				09ABC07E13A1D52D009C3FCF /* main.m */,
				4C057321166AE74D00EF6FAD /* FacebookLogin.png */,
				4C444E4D17A0017D00288139 /* FacebookLogin@2x.png */,
				4CEAEFE0176FC26300578254 /* MainWindow.xib */,
				4C9D1B5217A6A098007B0FEA /* Localizable.strings */,
			);
			name = "Supporting Files";
			sourceTree = "<group>";
		};
		47534DC916A7143F008CC823 /* Externals */ = {
			isa = PBXGroup;
			children = (
				4C415817199887C4008C81E3 /* Extended-UI */,
				4C4157F519987DB5008C81E3 /* CFAsyncImageView */,
				4C4157D919987DAC008C81E3 /* Foursquare2 */,
			);
			name = Externals;
			sourceTree = "<group>";
		};
		4C4157D919987DAC008C81E3 /* Foursquare2 */ = {
			isa = PBXGroup;
			children = (
				4C4157DB19987DAC008C81E3 /* Foursquare2.h */,
				4C4157DC19987DAC008C81E3 /* Foursquare2.m */,
				4C4157DD19987DAC008C81E3 /* FSKeychain.h */,
				4C4157DE19987DAC008C81E3 /* FSKeychain.m */,
				4C4157DF19987DAC008C81E3 /* FSOAuthNoAppStore.h */,
				4C4157E019987DAC008C81E3 /* FSOAuthNoAppStore.m */,
				4C4157E119987DAC008C81E3 /* FSOperation.h */,
				4C4157E219987DAC008C81E3 /* FSOperation.m */,
				4C4157E319987DAC008C81E3 /* FSWebLogin.h */,
				4C4157E419987DAC008C81E3 /* FSWebLogin.m */,
				4C4157E519987DAC008C81E3 /* FSWebLogin.xib */,
				4C4157E819987DAD008C81E3 /* poweredByFoursquare_gray.png */,
				4C4157E919987DAD008C81E3 /* poweredByFoursquare_gray@2x.png */,
			);
			name = Foursquare2;
			path = externals/Foursquare/Foursquare2;
			sourceTree = "<group>";
		};
		4C4157F519987DB5008C81E3 /* CFAsyncImageView */ = {
			isa = PBXGroup;
			children = (
				4C4157F619987DB5008C81E3 /* CFAsyncImageView.h */,
				4C4157F719987DB5008C81E3 /* CFAsyncImageView.m */,
			);
			name = CFAsyncImageView;
			path = externals/AsyncImageView/CFAsyncImageView;
			sourceTree = "<group>";
		};
		4C4157FA1998811A008C81E3 /* TestFlightSDK3 */ = {
			isa = PBXGroup;
			children = (
				4C4157FB1998811A008C81E3 /* libTestFlight.a */,
				4C4157FC1998811A008C81E3 /* README.md */,
				4C4157FD1998811A008C81E3 /* release_notes.md */,
				4C4157FE1998811A008C81E3 /* TestFlight+AsyncLogging.h */,
				4C4157FF1998811A008C81E3 /* TestFlight+ManualSessions.h */,
				4C4158001998811A008C81E3 /* TestFlight.h */,
			);
			name = TestFlightSDK3;
			path = ../_Frameworks/TestFlightSDK3;
			sourceTree = "<group>";
		};
		4C41580519988152008C81E3 /* Flurry */ = {
			isa = PBXGroup;
			children = (
				4C41580619988152008C81E3 /* Flurry.h */,
				4C41580719988152008C81E3 /* libFlurry_4.4.0.a */,
			);
			name = Flurry;
			path = ../_Frameworks/Flurry/Flurry;
			sourceTree = "<group>";
		};
		4C415817199887C4008C81E3 /* Extended-UI */ = {
			isa = PBXGroup;
			children = (
				4C415819199887C4008C81E3 /* MLUIColor+HexColor.h */,
				4C41581A199887C4008C81E3 /* MLUIColor+HexColor.m */,
				4C41581B199887C4008C81E3 /* MLUIDefinitions.h */,
				4C41581C199887C4008C81E3 /* MLUIView+Coordinates.h */,
				4C41581D199887C4008C81E3 /* MLUIView+Coordinates.m */,
			);
			name = "Extended-UI";
			path = "externals/Extended-UI";
			sourceTree = "<group>";
		};
		4C7795331929DDFB00999AEC /* Resources */ = {
			isa = PBXGroup;
			children = (
				4C7795341929DDFB00999AEC /* ratingBad@2x.png */,
				4C7795351929DDFB00999AEC /* ratingGood@2x.png */,
				4C7795361929DDFB00999AEC /* ratingMid@2x.png */,
				4CA6B5FC19369C27006FDB1F /* glyphCocktail@2x.png */,
				4CA6B5FD19369C27006FDB1F /* glyphCoffee@2x.png */,
				4CA6B5FE19369C27006FDB1F /* glyphLunch@2x.png */,
				4CD5D67E1942C65C0038DFBD /* glyphTreats@2x.png */,
				4CADBC43194BD77D00AB51CF /* loadingIndicator@2x.png */,
			);
			path = Resources;
			sourceTree = "<group>";
		};
/* End PBXGroup section */

/* Begin PBXNativeTarget section */
		09ABC06C13A1D52D009C3FCF /* LocalTreats */ = {
			isa = PBXNativeTarget;
			buildConfigurationList = 09ABC08E13A1D52E009C3FCF /* Build configuration list for PBXNativeTarget "LocalTreats" */;
			buildPhases = (
				09ABC06913A1D52D009C3FCF /* Sources */,
				09ABC06A13A1D52D009C3FCF /* Frameworks */,
				09ABC06B13A1D52D009C3FCF /* Resources */,
				4CF2DE3517960D500052E92B /* ShellScript */,
			);
			buildRules = (
			);
			dependencies = (
			);
			name = LocalTreats;
			productName = Project;
			productReference = 09ABC06D13A1D52D009C3FCF /* LocalTreats.app */;
			productType = "com.apple.product-type.application";
		};
/* End PBXNativeTarget section */

/* Begin PBXProject section */
		09ABC06413A1D52D009C3FCF /* Project object */ = {
			isa = PBXProject;
			attributes = {
				LastUpgradeCheck = 0500;
				TargetAttributes = {
					09ABC06C13A1D52D009C3FCF = {
						DevelopmentTeam = WDEGJM2L33;
						SystemCapabilities = {
							com.apple.InAppPurchase = {
								enabled = 0;
							};
							com.apple.iOS = {
								enabled = 0;
							};
						};
					};
				};
			};
			buildConfigurationList = 09ABC06713A1D52D009C3FCF /* Build configuration list for PBXProject "LocalTreats" */;
			compatibilityVersion = "Xcode 3.2";
			developmentRegion = English;
			hasScannedForEncodings = 0;
			knownRegions = (
				en,
				he,
				English,
			);
			mainGroup = 09ABC06213A1D52D009C3FCF;
			productRefGroup = 09ABC06E13A1D52D009C3FCF /* Products */;
			projectDirPath = "";
			projectRoot = "";
			targets = (
				09ABC06C13A1D52D009C3FCF /* LocalTreats */,
			);
		};
/* End PBXProject section */

/* Begin PBXResourcesBuildPhase section */
		09ABC06B13A1D52D009C3FCF /* Resources */ = {
			isa = PBXResourcesBuildPhase;
			buildActionMask = 2147483647;
			files = (
				09144A7313C2997E00388B00 /* Entitlements.plist in Resources */,
				4C9BB09919299CE20098B2C8 /* GMCMainViewController.xib in Resources */,
				4C057322166AE74D00EF6FAD /* FacebookLogin.png in Resources */,
				4CA6B60019369C27006FDB1F /* glyphCoffee@2x.png in Resources */,
				4CA6B60119369C27006FDB1F /* glyphLunch@2x.png in Resources */,
				97E170D7174D3C1F00BA0094 /* bg@2x.png in Resources */,
				97E170E2174E8F1B00BA0094 /* bg.png in Resources */,
				4C466042176FB63E00D1FE3A /* white@2x.png in Resources */,
				4C466044176FB69F00D1FE3A /* white.png in Resources */,
				4CD5D67F1942C65C0038DFBD /* glyphTreats@2x.png in Resources */,
				4CADBC44194BD77D00AB51CF /* loadingIndicator@2x.png in Resources */,
				4CA6B5FF19369C27006FDB1F /* glyphCocktail@2x.png in Resources */,
				4C7795391929DDFB00999AEC /* ratingMid@2x.png in Resources */,
				4CEAEFE1176FC26300578254 /* MainWindow.xib in Resources */,
				4C90A23918D190EF00768B81 /* Images.xcassets in Resources */,
				4C4157F319987DAD008C81E3 /* poweredByFoursquare_gray.png in Resources */,
				4C8F7BCA177B58920015B2A8 /* white@2x~ipad.png in Resources */,
				4C8F7BCB177B58920015B2A8 /* white~ipad.png in Resources */,
				4C444E4E17A0017D00288139 /* FacebookLogin@2x.png in Resources */,
				4C7795381929DDFB00999AEC /* ratingGood@2x.png in Resources */,
				4C4157F419987DAD008C81E3 /* poweredByFoursquare_gray@2x.png in Resources */,
				4C4158041998811A008C81E3 /* release_notes.md in Resources */,
				4C0F449D1929B09F0069B254 /* GMCVenueCard.xib in Resources */,
				4C7795371929DDFB00999AEC /* ratingBad@2x.png in Resources */,
				4C9D1B5317A6A098007B0FEA /* Localizable.strings in Resources */,
				4C4157F019987DAD008C81E3 /* FSWebLogin.xib in Resources */,
			);
			runOnlyForDeploymentPostprocessing = 0;
		};
/* End PBXResourcesBuildPhase section */

/* Begin PBXShellScriptBuildPhase section */
		4CF2DE3517960D500052E92B /* ShellScript */ = {
			isa = PBXShellScriptBuildPhase;
			buildActionMask = 2147483647;
			files = (
			);
			inputPaths = (
			);
			outputPaths = (
			);
			runOnlyForDeploymentPostprocessing = 0;
			shellPath = /bin/sh;
			shellScript = "./Crashlytics.framework/run 05bf10b64dd5e5dbbe55dfb384d01abad7bba586";
		};
/* End PBXShellScriptBuildPhase section */

/* Begin PBXSourcesBuildPhase section */
		09ABC06913A1D52D009C3FCF /* Sources */ = {
			isa = PBXSourcesBuildPhase;
			buildActionMask = 2147483647;
			files = (
				4C4157F819987DB5008C81E3 /* CFAsyncImageView.m in Sources */,
				4C4157EB19987DAD008C81E3 /* Foursquare2.m in Sources */,
				09ABC07F13A1D52D009C3FCF /* main.m in Sources */,
				4C4157EF19987DAD008C81E3 /* FSWebLogin.m in Sources */,
				4C4157EE19987DAD008C81E3 /* FSOperation.m in Sources */,
				09ABC08213A1D52D009C3FCF /* GMCAppDelegate.m in Sources */,
				4C9BB09419299AB70098B2C8 /* GMCVenueLoader.m in Sources */,
				4CB46D8A18D154EC00BBED30 /* GMCVenue.m in Sources */,
				4C41580B19988353008C81E3 /* GMCLocationManager.m in Sources */,
				4C415821199887C4008C81E3 /* MLUIView+Coordinates.m in Sources */,
				4CB46D8418D14E6000BBED30 /* GMCGlobal.m in Sources */,
				4C4157EC19987DAD008C81E3 /* FSKeychain.m in Sources */,
				4C9BB09819299CE20098B2C8 /* GMCMainViewController.m in Sources */,
				4C415820199887C4008C81E3 /* MLUIColor+HexColor.m in Sources */,
				4C0F449B1929B08A0069B254 /* GMCVenueCard.m in Sources */,
				4C4157ED19987DAD008C81E3 /* FSOAuthNoAppStore.m in Sources */,
			);
			runOnlyForDeploymentPostprocessing = 0;
		};
/* End PBXSourcesBuildPhase section */

/* Begin XCBuildConfiguration section */
		09ABC08C13A1D52E009C3FCF /* Debug */ = {
			isa = XCBuildConfiguration;
			buildSettings = {
				CLANG_ENABLE_OBJC_ARC = YES;
				CLANG_WARN_BOOL_CONVERSION = YES;
				CLANG_WARN_CONSTANT_CONVERSION = YES;
				CLANG_WARN_EMPTY_BODY = YES;
				CLANG_WARN_ENUM_CONVERSION = YES;
				CLANG_WARN_INT_CONVERSION = YES;
				CLANG_WARN__DUPLICATE_METHOD_MATCH = YES;
				CODE_SIGN_IDENTITY = "iPhone Distribution: Mikhail Larionov (WDEGJM2L33)";
				"CODE_SIGN_IDENTITY[sdk=iphoneos*]" = "iPhone Distribution: Mikhail Larionov (WDEGJM2L33)";
				GCC_C_LANGUAGE_STANDARD = gnu99;
				GCC_OPTIMIZATION_LEVEL = 0;
				GCC_PREPROCESSOR_DEFINITIONS = DEBUG;
				GCC_SYMBOLS_PRIVATE_EXTERN = NO;
				GCC_VERSION = com.apple.compilers.llvm.clang.1_0;
				GCC_WARN_64_TO_32_BIT_CONVERSION = YES;
				GCC_WARN_ABOUT_RETURN_TYPE = YES;
				GCC_WARN_UNDECLARED_SELECTOR = YES;
				GCC_WARN_UNINITIALIZED_AUTOS = YES;
				GCC_WARN_UNUSED_FUNCTION = YES;
				GCC_WARN_UNUSED_VARIABLE = YES;
				IPHONEOS_DEPLOYMENT_TARGET = 5.0;
				ONLY_ACTIVE_ARCH = YES;
				PROVISIONING_PROFILE = "0481C223-DAD0-49D1-B4E9-46E811293CE3";
				"PROVISIONING_PROFILE[sdk=iphoneos*]" = "0481C223-DAD0-49D1-B4E9-46E811293CE3";
				SDKROOT = iphoneos;
			};
			name = Debug;
		};
		09ABC08D13A1D52E009C3FCF /* Release */ = {
			isa = XCBuildConfiguration;
			buildSettings = {
				CLANG_ENABLE_OBJC_ARC = YES;
				CLANG_WARN_BOOL_CONVERSION = YES;
				CLANG_WARN_CONSTANT_CONVERSION = YES;
				CLANG_WARN_EMPTY_BODY = YES;
				CLANG_WARN_ENUM_CONVERSION = YES;
				CLANG_WARN_INT_CONVERSION = YES;
				CLANG_WARN__DUPLICATE_METHOD_MATCH = YES;
				CODE_SIGN_IDENTITY = "iPhone Distribution: Mikhail Larionov (WDEGJM2L33)";
				"CODE_SIGN_IDENTITY[sdk=iphoneos*]" = "iPhone Distribution: Mikhail Larionov (WDEGJM2L33)";
				GCC_C_LANGUAGE_STANDARD = gnu99;
				GCC_VERSION = com.apple.compilers.llvm.clang.1_0;
				GCC_WARN_64_TO_32_BIT_CONVERSION = YES;
				GCC_WARN_ABOUT_RETURN_TYPE = YES;
				GCC_WARN_UNDECLARED_SELECTOR = YES;
				GCC_WARN_UNINITIALIZED_AUTOS = YES;
				GCC_WARN_UNUSED_FUNCTION = YES;
				GCC_WARN_UNUSED_VARIABLE = YES;
				IPHONEOS_DEPLOYMENT_TARGET = 5.0;
				OTHER_CFLAGS = "-DNS_BLOCK_ASSERTIONS=1";
				PROVISIONING_PROFILE = "0481C223-DAD0-49D1-B4E9-46E811293CE3";
				"PROVISIONING_PROFILE[sdk=iphoneos*]" = "0481C223-DAD0-49D1-B4E9-46E811293CE3";
				SDKROOT = iphoneos;
			};
			name = Release;
		};
		09ABC08F13A1D52E009C3FCF /* Debug */ = {
			isa = XCBuildConfiguration;
			buildSettings = {
				ALWAYS_SEARCH_USER_PATHS = NO;
				ASSETCATALOG_COMPILER_APPICON_NAME = AppIcon;
				ASSETCATALOG_COMPILER_LAUNCHIMAGE_NAME = LaunchImage;
				CLANG_ENABLE_OBJC_ARC = YES;
				CODE_SIGN_IDENTITY = "iPhone Developer: Mikhail Larionov (MP6BRCGVEV)";
				"CODE_SIGN_IDENTITY[sdk=iphoneos*]" = "iPhone Developer: Mikhail Larionov (MP6BRCGVEV)";
				COPY_PHASE_STRIP = NO;
				FRAMEWORK_SEARCH_PATHS = (
					"$(inherited)",
					"$(SRCROOT)",
					../_Frameworks,
				);
				GCC_DYNAMIC_NO_PIC = NO;
				GCC_PRECOMPILE_PREFIX_HEADER = YES;
				GCC_PREFIX_HEADER = Project/LocalTreats.pch;
				GCC_PREPROCESSOR_DEFINITIONS = (
					DEBUG,
					TARGET_LOCALFEED,
				);
				GCC_VERSION = com.apple.compilers.llvm.clang.1_0;
				HEADER_SEARCH_PATHS = "";
				INFOPLIST_FILE = Project/LocalTreats.plist;
				IPHONEOS_DEPLOYMENT_TARGET = 7.0;
				LIBRARY_SEARCH_PATHS = (
					"$(inherited)",
					../_Frameworks,
					../_Frameworks/Flurry/Flurry,
					../_Frameworks/TestFlightSDK3,
				);
				OTHER_LDFLAGS = "";
				PRODUCT_NAME = LocalTreats;
				PROVISIONING_PROFILE = "CB8DA527-C9FC-4869-B124-974DCF03C93B";
				"PROVISIONING_PROFILE[sdk=iphoneos*]" = "CB8DA527-C9FC-4869-B124-974DCF03C93B";
				TARGETED_DEVICE_FAMILY = 1;
				VALID_ARCHS = "arm64 armv7 armv7s";
				WARNING_CFLAGS = "-Wno-arc-performSelector-leaks";
				WRAPPER_EXTENSION = app;
			};
			name = Debug;
		};
		09ABC09013A1D52E009C3FCF /* Release */ = {
			isa = XCBuildConfiguration;
			buildSettings = {
				ALWAYS_SEARCH_USER_PATHS = NO;
				ASSETCATALOG_COMPILER_APPICON_NAME = AppIcon;
				ASSETCATALOG_COMPILER_LAUNCHIMAGE_NAME = LaunchImage;
				CLANG_ENABLE_OBJC_ARC = YES;
				CODE_SIGN_IDENTITY = "iPhone Developer: Mikhail Larionov (MP6BRCGVEV)";
				"CODE_SIGN_IDENTITY[sdk=iphoneos*]" = "iPhone Developer: Mikhail Larionov (MP6BRCGVEV)";
				COPY_PHASE_STRIP = YES;
				FRAMEWORK_SEARCH_PATHS = (
					"$(inherited)",
					"$(SRCROOT)",
					../_Frameworks,
				);
				GCC_PRECOMPILE_PREFIX_HEADER = YES;
				GCC_PREFIX_HEADER = Project/LocalTreats.pch;
				GCC_PREPROCESSOR_DEFINITIONS = "";
				GCC_VERSION = com.apple.compilers.llvm.clang.1_0;
				HEADER_SEARCH_PATHS = "";
				INFOPLIST_FILE = Project/LocalTreats.plist;
				IPHONEOS_DEPLOYMENT_TARGET = 7.0;
				LIBRARY_SEARCH_PATHS = (
					"$(inherited)",
					../_Frameworks,
					../_Frameworks/Flurry/Flurry,
					../_Frameworks/TestFlightSDK3,
				);
				OTHER_LDFLAGS = "";
				PRODUCT_NAME = LocalTreats;
				PROVISIONING_PROFILE = "CB8DA527-C9FC-4869-B124-974DCF03C93B";
				"PROVISIONING_PROFILE[sdk=iphoneos*]" = "CB8DA527-C9FC-4869-B124-974DCF03C93B";
				TARGETED_DEVICE_FAMILY = 1;
				VALIDATE_PRODUCT = YES;
				VALID_ARCHS = "arm64 armv7 armv7s";
				WARNING_CFLAGS = "-Wno-arc-performSelector-leaks";
				WRAPPER_EXTENSION = app;
			};
			name = Release;
		};
/* End XCBuildConfiguration section */

/* Begin XCConfigurationList section */
		09ABC06713A1D52D009C3FCF /* Build configuration list for PBXProject "LocalTreats" */ = {
			isa = XCConfigurationList;
			buildConfigurations = (
				09ABC08C13A1D52E009C3FCF /* Debug */,
				09ABC08D13A1D52E009C3FCF /* Release */,
			);
			defaultConfigurationIsVisible = 0;
			defaultConfigurationName = Release;
		};
		09ABC08E13A1D52E009C3FCF /* Build configuration list for PBXNativeTarget "LocalTreats" */ = {
			isa = XCConfigurationList;
			buildConfigurations = (
				09ABC08F13A1D52E009C3FCF /* Debug */,
				09ABC09013A1D52E009C3FCF /* Release */,
			);
			defaultConfigurationIsVisible = 0;
			defaultConfigurationName = Release;
		};
/* End XCConfigurationList section */
	};
	rootObject = 09ABC06413A1D52D009C3FCF /* Project object */;
}
