// !$*UTF8*$!
{
	archiveVersion = 1;
	classes = {
	};
	objectVersion = 46;
	objects = {

/* Begin PBXBuildFile section */
		09144A7313C2997E00388B00 /* Entitlements.plist in Resources */ = {isa = PBXBuildFile; fileRef = 09144A7213C2997E00388B00 /* Entitlements.plist */; };
		092354B313A1D7EB00DA740F /* CFNetwork.framework in Frameworks */ = {isa = PBXBuildFile; fileRef = 092354B213A1D7EB00DA740F /* CFNetwork.framework */; };
		092354B513A1D7F000DA740F /* SystemConfiguration.framework in Frameworks */ = {isa = PBXBuildFile; fileRef = 092354B413A1D7F000DA740F /* SystemConfiguration.framework */; };
		092354B713A1D83C00DA740F /* MobileCoreServices.framework in Frameworks */ = {isa = PBXBuildFile; fileRef = 092354B613A1D83C00DA740F /* MobileCoreServices.framework */; };
		095ACE8613C68EA300566243 /* AudioToolbox.framework in Frameworks */ = {isa = PBXBuildFile; fileRef = 095ACE8513C68EA300566243 /* AudioToolbox.framework */; };
		099CCEAD13F9E3760039A464 /* libz.1.1.3.dylib in Frameworks */ = {isa = PBXBuildFile; fileRef = 099CCEAC13F9E3760039A464 /* libz.1.1.3.dylib */; };
		09ABC07213A1D52D009C3FCF /* UIKit.framework in Frameworks */ = {isa = PBXBuildFile; fileRef = 09ABC07113A1D52D009C3FCF /* UIKit.framework */; };
		09ABC07413A1D52D009C3FCF /* Foundation.framework in Frameworks */ = {isa = PBXBuildFile; fileRef = 09ABC07313A1D52D009C3FCF /* Foundation.framework */; };
		09ABC07F13A1D52D009C3FCF /* main.m in Sources */ = {isa = PBXBuildFile; fileRef = 09ABC07E13A1D52D009C3FCF /* main.m */; };
		09ABC08213A1D52D009C3FCF /* GMCAppDelegate.m in Sources */ = {isa = PBXBuildFile; fileRef = 09ABC08113A1D52D009C3FCF /* GMCAppDelegate.m */; };
		09BEF34C13D51C3F001BBCDB /* Security.framework in Frameworks */ = {isa = PBXBuildFile; fileRef = 09BEF34B13D51C3F001BBCDB /* Security.framework */; };
		2FCDD6B014A573F500295AAC /* QuartzCore.framework in Frameworks */ = {isa = PBXBuildFile; fileRef = 2FCDD6AF14A573F500295AAC /* QuartzCore.framework */; };
		471EAC5C16C0D419009F88F9 /* Foursquare2.m in Sources */ = {isa = PBXBuildFile; fileRef = 471EAC5216C0D3E0009F88F9 /* Foursquare2.m */; };
		471EAC5D16C0D42C009F88F9 /* FSRequester.m in Sources */ = {isa = PBXBuildFile; fileRef = 471EAC5416C0D3E0009F88F9 /* FSRequester.m */; };
		471EAC5E16C0D42F009F88F9 /* FSTargetCallback.m in Sources */ = {isa = PBXBuildFile; fileRef = 471EAC5616C0D3E0009F88F9 /* FSTargetCallback.m */; };
		471EAC5F16C0D432009F88F9 /* FSWebLogin.m in Sources */ = {isa = PBXBuildFile; fileRef = 471EAC5816C0D3E0009F88F9 /* FSWebLogin.m */; };
		471EAC6016C0D435009F88F9 /* FSWebLogin.xib in Resources */ = {isa = PBXBuildFile; fileRef = 471EAC5916C0D3E0009F88F9 /* FSWebLogin.xib */; };
		471EAC6116C0D43A009F88F9 /* poweredByFoursquare_gray.png in Resources */ = {isa = PBXBuildFile; fileRef = 471EAC5A16C0D3E0009F88F9 /* poweredByFoursquare_gray.png */; };
		471EAC6216C0D43A009F88F9 /* poweredByFoursquare_gray@2x.png in Resources */ = {isa = PBXBuildFile; fileRef = 471EAC5B16C0D3E0009F88F9 /* poweredByFoursquare_gray@2x.png */; };
		476D1E2316A8273600077458 /* FSVenue.m in Sources */ = {isa = PBXBuildFile; fileRef = 476D1E2216A8273600077458 /* FSVenue.m */; };
		4C057322166AE74D00EF6FAD /* FacebookLogin.png in Resources */ = {isa = PBXBuildFile; fileRef = 4C057321166AE74D00EF6FAD /* FacebookLogin.png */; };
		4C188D251698C72C004CF42D /* MapKit.framework in Frameworks */ = {isa = PBXBuildFile; fileRef = 4C188D241698C72B004CF42D /* MapKit.framework */; };
		4C3ACECA180B2A9F00DC0CEE /* MessageUI.framework in Frameworks */ = {isa = PBXBuildFile; fileRef = 4C3ACEC9180B2A9F00DC0CEE /* MessageUI.framework */; };
		4C4228E716C46B62008EBA67 /* EventKit.framework in Frameworks */ = {isa = PBXBuildFile; fileRef = 4C4228E516C46B62008EBA67 /* EventKit.framework */; };
		4C4228E816C46B62008EBA67 /* EventKitUI.framework in Frameworks */ = {isa = PBXBuildFile; fileRef = 4C4228E616C46B62008EBA67 /* EventKitUI.framework */; };
		4C444E4E17A0017D00288139 /* FacebookLogin@2x.png in Resources */ = {isa = PBXBuildFile; fileRef = 4C444E4D17A0017D00288139 /* FacebookLogin@2x.png */; };
		4C466042176FB63E00D1FE3A /* white@2x.png in Resources */ = {isa = PBXBuildFile; fileRef = 4C466041176FB63E00D1FE3A /* white@2x.png */; };
		4C466044176FB69F00D1FE3A /* white.png in Resources */ = {isa = PBXBuildFile; fileRef = 4C466043176FB69F00D1FE3A /* white.png */; };
		4C89DFD617EDE01200428B7E /* CoreText.framework in Frameworks */ = {isa = PBXBuildFile; fileRef = 4C89DFD517EDE01200428B7E /* CoreText.framework */; };
		4C8F7BCA177B58920015B2A8 /* white@2x~ipad.png in Resources */ = {isa = PBXBuildFile; fileRef = 4C8F7BC8177B58920015B2A8 /* white@2x~ipad.png */; };
		4C8F7BCB177B58920015B2A8 /* white~ipad.png in Resources */ = {isa = PBXBuildFile; fileRef = 4C8F7BC9177B58920015B2A8 /* white~ipad.png */; };
		4C90A23918D190EF00768B81 /* Images.xcassets in Resources */ = {isa = PBXBuildFile; fileRef = 4C90A23818D190EF00768B81 /* Images.xcassets */; };
		4C90A23B18D1910200768B81 /* Parse.framework in Frameworks */ = {isa = PBXBuildFile; fileRef = 4C90A23A18D1910200768B81 /* Parse.framework */; };
		4C90A36318D1910900768B81 /* FacebookSDK.framework in Frameworks */ = {isa = PBXBuildFile; fileRef = 4C90A23D18D1910800768B81 /* FacebookSDK.framework */; };
		4C9BB09419299AB70098B2C8 /* GMCVenueLoader.m in Sources */ = {isa = PBXBuildFile; fileRef = 4C9BB09319299AB70098B2C8 /* GMCVenueLoader.m */; };
		4C9BB09819299CE20098B2C8 /* GMCMainViewController.m in Sources */ = {isa = PBXBuildFile; fileRef = 4C9BB09619299CE20098B2C8 /* GMCMainViewController.m */; };
		4C9BB09919299CE20098B2C8 /* GMCMainViewController.xib in Resources */ = {isa = PBXBuildFile; fileRef = 4C9BB09719299CE20098B2C8 /* GMCMainViewController.xib */; };
		4C9D1B5317A6A098007B0FEA /* Localizable.strings in Resources */ = {isa = PBXBuildFile; fileRef = 4C9D1B5217A6A098007B0FEA /* Localizable.strings */; };
		4CB46D8118D14AAE00BBED30 /* ULLocationManager.m in Sources */ = {isa = PBXBuildFile; fileRef = 4CB46D8018D14AAE00BBED30 /* ULLocationManager.m */; };
		4CB46D8418D14E6000BBED30 /* GMCGlobal.m in Sources */ = {isa = PBXBuildFile; fileRef = 4CB46D8318D14E6000BBED30 /* GMCGlobal.m */; };
		4CB46D8A18D154EC00BBED30 /* GMCVenue.m in Sources */ = {isa = PBXBuildFile; fileRef = 4CB46D8918D154EC00BBED30 /* GMCVenue.m */; };
		4CC2636D18D3F1D9002B21BA /* ULUIDefs.m in Sources */ = {isa = PBXBuildFile; fileRef = 4CC2636C18D3F1D9002B21BA /* ULUIDefs.m */; };
		4CC2638118D665DD002B21BA /* libTestFlight.a in Frameworks */ = {isa = PBXBuildFile; fileRef = 4CC2637B18D665DD002B21BA /* libTestFlight.a */; };
		4CC2638218D665DD002B21BA /* README.md in Resources */ = {isa = PBXBuildFile; fileRef = 4CC2637C18D665DD002B21BA /* README.md */; };
		4CC2638318D665DD002B21BA /* release_notes.md in Resources */ = {isa = PBXBuildFile; fileRef = 4CC2637D18D665DD002B21BA /* release_notes.md */; };
		4CD9377619074705001AED1F /* StoreKit.framework in Frameworks */ = {isa = PBXBuildFile; fileRef = 4CD9377519074705001AED1F /* StoreKit.framework */; };
		4CEAEFE1176FC26300578254 /* MainWindow.xib in Resources */ = {isa = PBXBuildFile; fileRef = 4CEAEFE0176FC26300578254 /* MainWindow.xib */; };
		4CF2DE3717960DF40052E92B /* Crashlytics.framework in Frameworks */ = {isa = PBXBuildFile; fileRef = 4CF2DE3617960DF40052E92B /* Crashlytics.framework */; };
		6332375415E438E900AE2736 /* libsqlite3.dylib in Frameworks */ = {isa = PBXBuildFile; fileRef = 6332375315E438E900AE2736 /* libsqlite3.dylib */; };
		6372FF531613CC3C002132AF /* Accounts.framework in Frameworks */ = {isa = PBXBuildFile; fileRef = 6372FF521613CC3C002132AF /* Accounts.framework */; settings = {ATTRIBUTES = (Weak, ); }; };
		6372FF561613CC42002132AF /* Social.framework in Frameworks */ = {isa = PBXBuildFile; fileRef = 6372FF551613CC42002132AF /* Social.framework */; settings = {ATTRIBUTES = (Weak, ); }; };
		6372FF581613CC47002132AF /* AdSupport.framework in Frameworks */ = {isa = PBXBuildFile; fileRef = 6372FF571613CC47002132AF /* AdSupport.framework */; settings = {ATTRIBUTES = (Weak, ); }; };
		743D7B6D157DA60100084B67 /* CoreGraphics.framework in Frameworks */ = {isa = PBXBuildFile; fileRef = 743D7B6C157DA60100084B67 /* CoreGraphics.framework */; };
		97E170D7174D3C1F00BA0094 /* bg@2x.png in Resources */ = {isa = PBXBuildFile; fileRef = 97E170D5174D3C1F00BA0094 /* bg@2x.png */; };
		97E170E2174E8F1B00BA0094 /* bg.png in Resources */ = {isa = PBXBuildFile; fileRef = 97E170E0174E8F1B00BA0094 /* bg.png */; };
		97E18B1F1624CB5700B17A67 /* CoreLocation.framework in Frameworks */ = {isa = PBXBuildFile; fileRef = 97E18B1E1624CB5700B17A67 /* CoreLocation.framework */; settings = {ATTRIBUTES = (Required, ); }; };
/* End PBXBuildFile section */

/* Begin PBXFileReference section */
		09144A7213C2997E00388B00 /* Entitlements.plist */ = {isa = PBXFileReference; fileEncoding = 4; lastKnownFileType = text.plist.xml; path = Entitlements.plist; sourceTree = "<group>"; };
		092354B213A1D7EB00DA740F /* CFNetwork.framework */ = {isa = PBXFileReference; lastKnownFileType = wrapper.framework; name = CFNetwork.framework; path = System/Library/Frameworks/CFNetwork.framework; sourceTree = SDKROOT; };
		092354B413A1D7F000DA740F /* SystemConfiguration.framework */ = {isa = PBXFileReference; lastKnownFileType = wrapper.framework; name = SystemConfiguration.framework; path = System/Library/Frameworks/SystemConfiguration.framework; sourceTree = SDKROOT; };
		092354B613A1D83C00DA740F /* MobileCoreServices.framework */ = {isa = PBXFileReference; lastKnownFileType = wrapper.framework; name = MobileCoreServices.framework; path = System/Library/Frameworks/MobileCoreServices.framework; sourceTree = SDKROOT; };
		095ACE8513C68EA300566243 /* AudioToolbox.framework */ = {isa = PBXFileReference; lastKnownFileType = wrapper.framework; name = AudioToolbox.framework; path = System/Library/Frameworks/AudioToolbox.framework; sourceTree = SDKROOT; };
		099CCEAC13F9E3760039A464 /* libz.1.1.3.dylib */ = {isa = PBXFileReference; lastKnownFileType = "compiled.mach-o.dylib"; name = libz.1.1.3.dylib; path = usr/lib/libz.1.1.3.dylib; sourceTree = SDKROOT; };
		09ABC06D13A1D52D009C3FCF /* GimmeCoffee.app */ = {isa = PBXFileReference; explicitFileType = wrapper.application; includeInIndex = 0; path = GimmeCoffee.app; sourceTree = BUILT_PRODUCTS_DIR; };
		09ABC07113A1D52D009C3FCF /* UIKit.framework */ = {isa = PBXFileReference; lastKnownFileType = wrapper.framework; name = UIKit.framework; path = System/Library/Frameworks/UIKit.framework; sourceTree = SDKROOT; };
		09ABC07313A1D52D009C3FCF /* Foundation.framework */ = {isa = PBXFileReference; lastKnownFileType = wrapper.framework; name = Foundation.framework; path = System/Library/Frameworks/Foundation.framework; sourceTree = SDKROOT; };
		09ABC07913A1D52D009C3FCF /* GimmeCoffee.plist */ = {isa = PBXFileReference; lastKnownFileType = text.plist.xml; path = GimmeCoffee.plist; sourceTree = "<group>"; };
		09ABC07D13A1D52D009C3FCF /* GimmeCoffee.pch */ = {isa = PBXFileReference; lastKnownFileType = sourcecode.c.h; path = GimmeCoffee.pch; sourceTree = "<group>"; };
		09ABC07E13A1D52D009C3FCF /* main.m */ = {isa = PBXFileReference; lastKnownFileType = sourcecode.c.objc; path = main.m; sourceTree = "<group>"; };
		09ABC08013A1D52D009C3FCF /* GMCAppDelegate.h */ = {isa = PBXFileReference; lastKnownFileType = sourcecode.c.h; path = GMCAppDelegate.h; sourceTree = "<group>"; };
		09ABC08113A1D52D009C3FCF /* GMCAppDelegate.m */ = {isa = PBXFileReference; lastKnownFileType = sourcecode.c.objc; path = GMCAppDelegate.m; sourceTree = "<group>"; };
		09BEF34B13D51C3F001BBCDB /* Security.framework */ = {isa = PBXFileReference; lastKnownFileType = wrapper.framework; name = Security.framework; path = System/Library/Frameworks/Security.framework; sourceTree = SDKROOT; };
		2FCDD6AF14A573F500295AAC /* QuartzCore.framework */ = {isa = PBXFileReference; lastKnownFileType = wrapper.framework; name = QuartzCore.framework; path = System/Library/Frameworks/QuartzCore.framework; sourceTree = SDKROOT; };
		471EAC5116C0D3E0009F88F9 /* Foursquare2.h */ = {isa = PBXFileReference; lastKnownFileType = sourcecode.c.h; path = Foursquare2.h; sourceTree = "<group>"; };
		471EAC5216C0D3E0009F88F9 /* Foursquare2.m */ = {isa = PBXFileReference; lastKnownFileType = sourcecode.c.objc; path = Foursquare2.m; sourceTree = "<group>"; };
		471EAC5316C0D3E0009F88F9 /* FSRequester.h */ = {isa = PBXFileReference; lastKnownFileType = sourcecode.c.h; path = FSRequester.h; sourceTree = "<group>"; };
		471EAC5416C0D3E0009F88F9 /* FSRequester.m */ = {isa = PBXFileReference; lastKnownFileType = sourcecode.c.objc; path = FSRequester.m; sourceTree = "<group>"; };
		471EAC5516C0D3E0009F88F9 /* FSTargetCallback.h */ = {isa = PBXFileReference; lastKnownFileType = sourcecode.c.h; path = FSTargetCallback.h; sourceTree = "<group>"; };
		471EAC5616C0D3E0009F88F9 /* FSTargetCallback.m */ = {isa = PBXFileReference; lastKnownFileType = sourcecode.c.objc; path = FSTargetCallback.m; sourceTree = "<group>"; };
		471EAC5716C0D3E0009F88F9 /* FSWebLogin.h */ = {isa = PBXFileReference; lastKnownFileType = sourcecode.c.h; path = FSWebLogin.h; sourceTree = "<group>"; };
		471EAC5816C0D3E0009F88F9 /* FSWebLogin.m */ = {isa = PBXFileReference; lastKnownFileType = sourcecode.c.objc; path = FSWebLogin.m; sourceTree = "<group>"; };
		471EAC5916C0D3E0009F88F9 /* FSWebLogin.xib */ = {isa = PBXFileReference; lastKnownFileType = file.xib; path = FSWebLogin.xib; sourceTree = "<group>"; };
		471EAC5A16C0D3E0009F88F9 /* poweredByFoursquare_gray.png */ = {isa = PBXFileReference; lastKnownFileType = image.png; path = poweredByFoursquare_gray.png; sourceTree = "<group>"; };
		471EAC5B16C0D3E0009F88F9 /* poweredByFoursquare_gray@2x.png */ = {isa = PBXFileReference; lastKnownFileType = image.png; path = "poweredByFoursquare_gray@2x.png"; sourceTree = "<group>"; };
		476D1E2116A8273500077458 /* FSVenue.h */ = {isa = PBXFileReference; fileEncoding = 4; lastKnownFileType = sourcecode.c.h; name = FSVenue.h; path = ../../Project/FSVenue.h; sourceTree = "<group>"; };
		476D1E2216A8273600077458 /* FSVenue.m */ = {isa = PBXFileReference; fileEncoding = 4; lastKnownFileType = sourcecode.c.objc; name = FSVenue.m; path = ../../Project/FSVenue.m; sourceTree = "<group>"; };
		4C02D35C17B12906008E19EB /* AVFoundation.framework */ = {isa = PBXFileReference; lastKnownFileType = wrapper.framework; name = AVFoundation.framework; path = System/Library/Frameworks/AVFoundation.framework; sourceTree = SDKROOT; };
		4C057321166AE74D00EF6FAD /* FacebookLogin.png */ = {isa = PBXFileReference; lastKnownFileType = image.png; name = FacebookLogin.png; path = resources/FacebookLogin.png; sourceTree = "<group>"; };
		4C188D241698C72B004CF42D /* MapKit.framework */ = {isa = PBXFileReference; lastKnownFileType = wrapper.framework; name = MapKit.framework; path = System/Library/Frameworks/MapKit.framework; sourceTree = SDKROOT; };
		4C3ACEC9180B2A9F00DC0CEE /* MessageUI.framework */ = {isa = PBXFileReference; lastKnownFileType = wrapper.framework; name = MessageUI.framework; path = System/Library/Frameworks/MessageUI.framework; sourceTree = SDKROOT; };
		4C4228E516C46B62008EBA67 /* EventKit.framework */ = {isa = PBXFileReference; lastKnownFileType = wrapper.framework; name = EventKit.framework; path = System/Library/Frameworks/EventKit.framework; sourceTree = SDKROOT; };
		4C4228E616C46B62008EBA67 /* EventKitUI.framework */ = {isa = PBXFileReference; lastKnownFileType = wrapper.framework; name = EventKitUI.framework; path = System/Library/Frameworks/EventKitUI.framework; sourceTree = SDKROOT; };
		4C444E4D17A0017D00288139 /* FacebookLogin@2x.png */ = {isa = PBXFileReference; lastKnownFileType = image.png; name = "FacebookLogin@2x.png"; path = "resources/FacebookLogin@2x.png"; sourceTree = "<group>"; };
		4C466041176FB63E00D1FE3A /* white@2x.png */ = {isa = PBXFileReference; lastKnownFileType = image.png; name = "white@2x.png"; path = "resources/white@2x.png"; sourceTree = "<group>"; };
		4C466043176FB69F00D1FE3A /* white.png */ = {isa = PBXFileReference; lastKnownFileType = image.png; name = white.png; path = resources/white.png; sourceTree = "<group>"; };
		4C89DFD517EDE01200428B7E /* CoreText.framework */ = {isa = PBXFileReference; lastKnownFileType = wrapper.framework; name = CoreText.framework; path = System/Library/Frameworks/CoreText.framework; sourceTree = SDKROOT; };
		4C8F7BC8177B58920015B2A8 /* white@2x~ipad.png */ = {isa = PBXFileReference; lastKnownFileType = image.png; name = "white@2x~ipad.png"; path = "resources/white@2x~ipad.png"; sourceTree = "<group>"; };
		4C8F7BC9177B58920015B2A8 /* white~ipad.png */ = {isa = PBXFileReference; lastKnownFileType = image.png; name = "white~ipad.png"; path = "resources/white~ipad.png"; sourceTree = "<group>"; };
		4C90A23818D190EF00768B81 /* Images.xcassets */ = {isa = PBXFileReference; lastKnownFileType = folder.assetcatalog; path = Images.xcassets; sourceTree = "<group>"; };
		4C90A23A18D1910200768B81 /* Parse.framework */ = {isa = PBXFileReference; lastKnownFileType = wrapper.framework; name = Parse.framework; path = ../../Documents/Parse.framework; sourceTree = "<group>"; };
		4C90A23D18D1910800768B81 /* FacebookSDK.framework */ = {isa = PBXFileReference; lastKnownFileType = wrapper.framework; name = FacebookSDK.framework; path = ../../Documents/FacebookSDK/FacebookSDK.framework; sourceTree = "<group>"; };
		4C9BB09219299AB70098B2C8 /* GMCVenueLoader.h */ = {isa = PBXFileReference; fileEncoding = 4; lastKnownFileType = sourcecode.c.h; path = GMCVenueLoader.h; sourceTree = "<group>"; };
		4C9BB09319299AB70098B2C8 /* GMCVenueLoader.m */ = {isa = PBXFileReference; fileEncoding = 4; lastKnownFileType = sourcecode.c.objc; path = GMCVenueLoader.m; sourceTree = "<group>"; };
		4C9BB09519299CE20098B2C8 /* GMCMainViewController.h */ = {isa = PBXFileReference; fileEncoding = 4; lastKnownFileType = sourcecode.c.h; path = GMCMainViewController.h; sourceTree = "<group>"; };
		4C9BB09619299CE20098B2C8 /* GMCMainViewController.m */ = {isa = PBXFileReference; fileEncoding = 4; lastKnownFileType = sourcecode.c.objc; path = GMCMainViewController.m; sourceTree = "<group>"; };
		4C9BB09719299CE20098B2C8 /* GMCMainViewController.xib */ = {isa = PBXFileReference; fileEncoding = 4; lastKnownFileType = file.xib; path = GMCMainViewController.xib; sourceTree = "<group>"; };
		4C9D1B5217A6A098007B0FEA /* Localizable.strings */ = {isa = PBXFileReference; fileEncoding = 4; lastKnownFileType = text.plist.strings; name = Localizable.strings; path = resources/Localizable.strings; sourceTree = "<group>"; };
		4CB46D7F18D14AAE00BBED30 /* ULLocationManager.h */ = {isa = PBXFileReference; fileEncoding = 4; lastKnownFileType = sourcecode.c.h; name = ULLocationManager.h; path = ../UnitedLibs/ULLocationManager.h; sourceTree = "<group>"; };
		4CB46D8018D14AAE00BBED30 /* ULLocationManager.m */ = {isa = PBXFileReference; fileEncoding = 4; lastKnownFileType = sourcecode.c.objc; name = ULLocationManager.m; path = ../UnitedLibs/ULLocationManager.m; sourceTree = "<group>"; };
		4CB46D8218D14E6000BBED30 /* GMCGlobal.h */ = {isa = PBXFileReference; fileEncoding = 4; lastKnownFileType = sourcecode.c.h; path = GMCGlobal.h; sourceTree = "<group>"; };
		4CB46D8318D14E6000BBED30 /* GMCGlobal.m */ = {isa = PBXFileReference; fileEncoding = 4; lastKnownFileType = sourcecode.c.objc; path = GMCGlobal.m; sourceTree = "<group>"; };
		4CB46D8818D154EC00BBED30 /* GMCVenue.h */ = {isa = PBXFileReference; fileEncoding = 4; lastKnownFileType = sourcecode.c.h; path = GMCVenue.h; sourceTree = "<group>"; };
		4CB46D8918D154EC00BBED30 /* GMCVenue.m */ = {isa = PBXFileReference; fileEncoding = 4; lastKnownFileType = sourcecode.c.objc; path = GMCVenue.m; sourceTree = "<group>"; };
		4CC2636B18D3F1D9002B21BA /* ULUIDefs.h */ = {isa = PBXFileReference; fileEncoding = 4; lastKnownFileType = sourcecode.c.h; name = ULUIDefs.h; path = ../UnitedLibs/ULUIDefs.h; sourceTree = "<group>"; };
		4CC2636C18D3F1D9002B21BA /* ULUIDefs.m */ = {isa = PBXFileReference; fileEncoding = 4; lastKnownFileType = sourcecode.c.objc; name = ULUIDefs.m; path = ../UnitedLibs/ULUIDefs.m; sourceTree = "<group>"; };
		4CC2637B18D665DD002B21BA /* libTestFlight.a */ = {isa = PBXFileReference; lastKnownFileType = archive.ar; path = libTestFlight.a; sourceTree = "<group>"; };
		4CC2637C18D665DD002B21BA /* README.md */ = {isa = PBXFileReference; fileEncoding = 4; lastKnownFileType = text; path = README.md; sourceTree = "<group>"; };
		4CC2637D18D665DD002B21BA /* release_notes.md */ = {isa = PBXFileReference; fileEncoding = 4; lastKnownFileType = text; path = release_notes.md; sourceTree = "<group>"; };
		4CC2637E18D665DD002B21BA /* TestFlight+AsyncLogging.h */ = {isa = PBXFileReference; fileEncoding = 4; lastKnownFileType = sourcecode.c.h; path = "TestFlight+AsyncLogging.h"; sourceTree = "<group>"; };
		4CC2637F18D665DD002B21BA /* TestFlight+ManualSessions.h */ = {isa = PBXFileReference; fileEncoding = 4; lastKnownFileType = sourcecode.c.h; path = "TestFlight+ManualSessions.h"; sourceTree = "<group>"; };
		4CC2638018D665DD002B21BA /* TestFlight.h */ = {isa = PBXFileReference; fileEncoding = 4; lastKnownFileType = sourcecode.c.h; path = TestFlight.h; sourceTree = "<group>"; };
		4CD2683F1798685F003B0FB8 /* GMCParams.h */ = {isa = PBXFileReference; fileEncoding = 4; lastKnownFileType = sourcecode.c.h; path = GMCParams.h; sourceTree = "<group>"; };
		4CD9377519074705001AED1F /* StoreKit.framework */ = {isa = PBXFileReference; lastKnownFileType = wrapper.framework; name = StoreKit.framework; path = System/Library/Frameworks/StoreKit.framework; sourceTree = SDKROOT; };
		4CEAEFE0176FC26300578254 /* MainWindow.xib */ = {isa = PBXFileReference; fileEncoding = 4; lastKnownFileType = file.xib; path = MainWindow.xib; sourceTree = "<group>"; };
		4CF2DE3617960DF40052E92B /* Crashlytics.framework */ = {isa = PBXFileReference; lastKnownFileType = wrapper.framework; path = Crashlytics.framework; sourceTree = "<group>"; };
		6332375315E438E900AE2736 /* libsqlite3.dylib */ = {isa = PBXFileReference; lastKnownFileType = "compiled.mach-o.dylib"; name = libsqlite3.dylib; path = usr/lib/libsqlite3.dylib; sourceTree = SDKROOT; };
		6372FF521613CC3C002132AF /* Accounts.framework */ = {isa = PBXFileReference; lastKnownFileType = wrapper.framework; name = Accounts.framework; path = System/Library/Frameworks/Accounts.framework; sourceTree = SDKROOT; };
		6372FF551613CC42002132AF /* Social.framework */ = {isa = PBXFileReference; lastKnownFileType = wrapper.framework; name = Social.framework; path = System/Library/Frameworks/Social.framework; sourceTree = SDKROOT; };
		6372FF571613CC47002132AF /* AdSupport.framework */ = {isa = PBXFileReference; lastKnownFileType = wrapper.framework; name = AdSupport.framework; path = System/Library/Frameworks/AdSupport.framework; sourceTree = SDKROOT; };
		743D7B6C157DA60100084B67 /* CoreGraphics.framework */ = {isa = PBXFileReference; lastKnownFileType = wrapper.framework; name = CoreGraphics.framework; path = System/Library/Frameworks/CoreGraphics.framework; sourceTree = SDKROOT; };
		97E170D5174D3C1F00BA0094 /* bg@2x.png */ = {isa = PBXFileReference; lastKnownFileType = image.png; name = "bg@2x.png"; path = "resources/bg@2x.png"; sourceTree = "<group>"; };
		97E170E0174E8F1B00BA0094 /* bg.png */ = {isa = PBXFileReference; lastKnownFileType = image.png; name = bg.png; path = resources/bg.png; sourceTree = "<group>"; };
		97E18B1E1624CB5700B17A67 /* CoreLocation.framework */ = {isa = PBXFileReference; lastKnownFileType = wrapper.framework; name = CoreLocation.framework; path = System/Library/Frameworks/CoreLocation.framework; sourceTree = SDKROOT; };
/* End PBXFileReference section */

/* Begin PBXFrameworksBuildPhase section */
		09ABC06A13A1D52D009C3FCF /* Frameworks */ = {
			isa = PBXFrameworksBuildPhase;
			buildActionMask = 2147483647;
			files = (
				4CD9377619074705001AED1F /* StoreKit.framework in Frameworks */,
				4C3ACECA180B2A9F00DC0CEE /* MessageUI.framework in Frameworks */,
				4C89DFD617EDE01200428B7E /* CoreText.framework in Frameworks */,
				2FCDD6B014A573F500295AAC /* QuartzCore.framework in Frameworks */,
				4CC2638118D665DD002B21BA /* libTestFlight.a in Frameworks */,
				4C4228E716C46B62008EBA67 /* EventKit.framework in Frameworks */,
				4C4228E816C46B62008EBA67 /* EventKitUI.framework in Frameworks */,
				4C188D251698C72C004CF42D /* MapKit.framework in Frameworks */,
				97E18B1F1624CB5700B17A67 /* CoreLocation.framework in Frameworks */,
				6372FF581613CC47002132AF /* AdSupport.framework in Frameworks */,
				6372FF561613CC42002132AF /* Social.framework in Frameworks */,
				6372FF531613CC3C002132AF /* Accounts.framework in Frameworks */,
				6332375415E438E900AE2736 /* libsqlite3.dylib in Frameworks */,
				743D7B6D157DA60100084B67 /* CoreGraphics.framework in Frameworks */,
				099CCEAD13F9E3760039A464 /* libz.1.1.3.dylib in Frameworks */,
				09BEF34C13D51C3F001BBCDB /* Security.framework in Frameworks */,
				095ACE8613C68EA300566243 /* AudioToolbox.framework in Frameworks */,
				092354B713A1D83C00DA740F /* MobileCoreServices.framework in Frameworks */,
				092354B513A1D7F000DA740F /* SystemConfiguration.framework in Frameworks */,
				092354B313A1D7EB00DA740F /* CFNetwork.framework in Frameworks */,
				09ABC07213A1D52D009C3FCF /* UIKit.framework in Frameworks */,
				4C90A36318D1910900768B81 /* FacebookSDK.framework in Frameworks */,
				09ABC07413A1D52D009C3FCF /* Foundation.framework in Frameworks */,
				4C90A23B18D1910200768B81 /* Parse.framework in Frameworks */,
				4CF2DE3717960DF40052E92B /* Crashlytics.framework in Frameworks */,
			);
			runOnlyForDeploymentPostprocessing = 0;
		};
/* End PBXFrameworksBuildPhase section */

/* Begin PBXGroup section */
		09ABC06213A1D52D009C3FCF = {
			isa = PBXGroup;
			children = (
				4C90A23818D190EF00768B81 /* Images.xcassets */,
				47534DC916A7143F008CC823 /* libs */,
				4CDDA4B717F31EAD000D2418 /* UnitedLibs */,
				09ABC07713A1D52D009C3FCF /* Project */,
				09ABC07013A1D52D009C3FCF /* Frameworks */,
				09ABC06E13A1D52D009C3FCF /* Products */,
			);
			sourceTree = "<group>";
		};
		09ABC06E13A1D52D009C3FCF /* Products */ = {
			isa = PBXGroup;
			children = (
				09ABC06D13A1D52D009C3FCF /* GimmeCoffee.app */,
			);
			name = Products;
			sourceTree = "<group>";
		};
		09ABC07013A1D52D009C3FCF /* Frameworks */ = {
			isa = PBXGroup;
			children = (
				4CD9377519074705001AED1F /* StoreKit.framework */,
				4CC2637A18D665DD002B21BA /* TestFlightSDK3 */,
				4C90A23D18D1910800768B81 /* FacebookSDK.framework */,
				4C90A23A18D1910200768B81 /* Parse.framework */,
				4C3ACEC9180B2A9F00DC0CEE /* MessageUI.framework */,
				4C89DFD517EDE01200428B7E /* CoreText.framework */,
				4C02D35C17B12906008E19EB /* AVFoundation.framework */,
				4CF2DE3617960DF40052E92B /* Crashlytics.framework */,
				4C4228E516C46B62008EBA67 /* EventKit.framework */,
				4C4228E616C46B62008EBA67 /* EventKitUI.framework */,
				4C188D241698C72B004CF42D /* MapKit.framework */,
				6372FF571613CC47002132AF /* AdSupport.framework */,
				6372FF551613CC42002132AF /* Social.framework */,
				6372FF521613CC3C002132AF /* Accounts.framework */,
				095ACE8513C68EA300566243 /* AudioToolbox.framework */,
				092354B213A1D7EB00DA740F /* CFNetwork.framework */,
				743D7B6C157DA60100084B67 /* CoreGraphics.framework */,
				97E18B1E1624CB5700B17A67 /* CoreLocation.framework */,
				09ABC07313A1D52D009C3FCF /* Foundation.framework */,
				6332375315E438E900AE2736 /* libsqlite3.dylib */,
				099CCEAC13F9E3760039A464 /* libz.1.1.3.dylib */,
				092354B613A1D83C00DA740F /* MobileCoreServices.framework */,
				2FCDD6AF14A573F500295AAC /* QuartzCore.framework */,
				09BEF34B13D51C3F001BBCDB /* Security.framework */,
				092354B413A1D7F000DA740F /* SystemConfiguration.framework */,
				09ABC07113A1D52D009C3FCF /* UIKit.framework */,
			);
			name = Frameworks;
			sourceTree = "<group>";
		};
		09ABC07713A1D52D009C3FCF /* Project */ = {
			isa = PBXGroup;
			children = (
				4CD2683F1798685F003B0FB8 /* GMCParams.h */,
				09ABC08013A1D52D009C3FCF /* GMCAppDelegate.h */,
				09ABC08113A1D52D009C3FCF /* GMCAppDelegate.m */,
				4CB46D8218D14E6000BBED30 /* GMCGlobal.h */,
				4CB46D8318D14E6000BBED30 /* GMCGlobal.m */,
				4CB46D8818D154EC00BBED30 /* GMCVenue.h */,
				4CB46D8918D154EC00BBED30 /* GMCVenue.m */,
				4C9BB09219299AB70098B2C8 /* GMCVenueLoader.h */,
				4C9BB09319299AB70098B2C8 /* GMCVenueLoader.m */,
				4C9BB09519299CE20098B2C8 /* GMCMainViewController.h */,
				4C9BB09619299CE20098B2C8 /* GMCMainViewController.m */,
				4C9BB09719299CE20098B2C8 /* GMCMainViewController.xib */,
				09ABC07813A1D52D009C3FCF /* Supporting Files */,
			);
			path = Project;
			sourceTree = "<group>";
		};
		09ABC07813A1D52D009C3FCF /* Supporting Files */ = {
			isa = PBXGroup;
			children = (
				97E170E0174E8F1B00BA0094 /* bg.png */,
				97E170D5174D3C1F00BA0094 /* bg@2x.png */,
				4C466043176FB69F00D1FE3A /* white.png */,
				4C466041176FB63E00D1FE3A /* white@2x.png */,
				4C8F7BC9177B58920015B2A8 /* white~ipad.png */,
				4C8F7BC8177B58920015B2A8 /* white@2x~ipad.png */,
				09ABC07913A1D52D009C3FCF /* GimmeCoffee.plist */,
				09ABC07D13A1D52D009C3FCF /* GimmeCoffee.pch */,
				09144A7213C2997E00388B00 /* Entitlements.plist */,
				09ABC07E13A1D52D009C3FCF /* main.m */,
				4C057321166AE74D00EF6FAD /* FacebookLogin.png */,
				4C444E4D17A0017D00288139 /* FacebookLogin@2x.png */,
				4CEAEFE0176FC26300578254 /* MainWindow.xib */,
				4C9D1B5217A6A098007B0FEA /* Localizable.strings */,
			);
			name = "Supporting Files";
			sourceTree = "<group>";
		};
		47534D8516A6F8DC008CC823 /* Foursquare2 */ = {
			isa = PBXGroup;
			children = (
				476D1E2116A8273500077458 /* FSVenue.h */,
				476D1E2216A8273600077458 /* FSVenue.m */,
				471EAC5116C0D3E0009F88F9 /* Foursquare2.h */,
				471EAC5216C0D3E0009F88F9 /* Foursquare2.m */,
				471EAC5316C0D3E0009F88F9 /* FSRequester.h */,
				471EAC5416C0D3E0009F88F9 /* FSRequester.m */,
				471EAC5516C0D3E0009F88F9 /* FSTargetCallback.h */,
				471EAC5616C0D3E0009F88F9 /* FSTargetCallback.m */,
				471EAC5716C0D3E0009F88F9 /* FSWebLogin.h */,
				471EAC5816C0D3E0009F88F9 /* FSWebLogin.m */,
				471EAC5916C0D3E0009F88F9 /* FSWebLogin.xib */,
				471EAC5A16C0D3E0009F88F9 /* poweredByFoursquare_gray.png */,
				471EAC5B16C0D3E0009F88F9 /* poweredByFoursquare_gray@2x.png */,
			);
			name = Foursquare2;
			path = libs/Foursquare2;
			sourceTree = "<group>";
		};
		47534DC916A7143F008CC823 /* libs */ = {
			isa = PBXGroup;
			children = (
				47534D8516A6F8DC008CC823 /* Foursquare2 */,
			);
			name = libs;
			sourceTree = "<group>";
		};
		4CC2637A18D665DD002B21BA /* TestFlightSDK3 */ = {
			isa = PBXGroup;
			children = (
				4CC2637B18D665DD002B21BA /* libTestFlight.a */,
				4CC2637C18D665DD002B21BA /* README.md */,
				4CC2637D18D665DD002B21BA /* release_notes.md */,
				4CC2637E18D665DD002B21BA /* TestFlight+AsyncLogging.h */,
				4CC2637F18D665DD002B21BA /* TestFlight+ManualSessions.h */,
				4CC2638018D665DD002B21BA /* TestFlight.h */,
			);
			name = TestFlightSDK3;
			path = ../../Documents/TestFlightSDK3;
			sourceTree = "<group>";
		};
		4CDDA4B717F31EAD000D2418 /* UnitedLibs */ = {
			isa = PBXGroup;
			children = (
				4CC2636B18D3F1D9002B21BA /* ULUIDefs.h */,
				4CC2636C18D3F1D9002B21BA /* ULUIDefs.m */,
				4CB46D7F18D14AAE00BBED30 /* ULLocationManager.h */,
				4CB46D8018D14AAE00BBED30 /* ULLocationManager.m */,
			);
			name = UnitedLibs;
			sourceTree = "<group>";
		};
/* End PBXGroup section */

/* Begin PBXNativeTarget section */
		09ABC06C13A1D52D009C3FCF /* GimmeCoffee */ = {
			isa = PBXNativeTarget;
			buildConfigurationList = 09ABC08E13A1D52E009C3FCF /* Build configuration list for PBXNativeTarget "GimmeCoffee" */;
			buildPhases = (
				09ABC06913A1D52D009C3FCF /* Sources */,
				09ABC06A13A1D52D009C3FCF /* Frameworks */,
				09ABC06B13A1D52D009C3FCF /* Resources */,
				4CF2DE3517960D500052E92B /* ShellScript */,
			);
			buildRules = (
			);
			dependencies = (
			);
			name = GimmeCoffee;
			productName = Project;
			productReference = 09ABC06D13A1D52D009C3FCF /* GimmeCoffee.app */;
			productType = "com.apple.product-type.application";
		};
/* End PBXNativeTarget section */

/* Begin PBXProject section */
		09ABC06413A1D52D009C3FCF /* Project object */ = {
			isa = PBXProject;
			attributes = {
				LastUpgradeCheck = 0500;
				TargetAttributes = {
					09ABC06C13A1D52D009C3FCF = {
						DevelopmentTeam = WDEGJM2L33;
						SystemCapabilities = {
							com.apple.InAppPurchase = {
								enabled = 0;
							};
							com.apple.iOS = {
								enabled = 0;
							};
						};
					};
				};
			};
			buildConfigurationList = 09ABC06713A1D52D009C3FCF /* Build configuration list for PBXProject "GimmeCoffee" */;
			compatibilityVersion = "Xcode 3.2";
			developmentRegion = English;
			hasScannedForEncodings = 0;
			knownRegions = (
				en,
				he,
			);
			mainGroup = 09ABC06213A1D52D009C3FCF;
			productRefGroup = 09ABC06E13A1D52D009C3FCF /* Products */;
			projectDirPath = "";
			projectRoot = "";
			targets = (
				09ABC06C13A1D52D009C3FCF /* GimmeCoffee */,
			);
		};
/* End PBXProject section */

/* Begin PBXResourcesBuildPhase section */
		09ABC06B13A1D52D009C3FCF /* Resources */ = {
			isa = PBXResourcesBuildPhase;
			buildActionMask = 2147483647;
			files = (
				09144A7313C2997E00388B00 /* Entitlements.plist in Resources */,
				4C9BB09919299CE20098B2C8 /* GMCMainViewController.xib in Resources */,
				4C057322166AE74D00EF6FAD /* FacebookLogin.png in Resources */,
				471EAC6016C0D435009F88F9 /* FSWebLogin.xib in Resources */,
				471EAC6116C0D43A009F88F9 /* poweredByFoursquare_gray.png in Resources */,
				471EAC6216C0D43A009F88F9 /* poweredByFoursquare_gray@2x.png in Resources */,
				4CC2638318D665DD002B21BA /* release_notes.md in Resources */,
				4CC2638218D665DD002B21BA /* README.md in Resources */,
				97E170D7174D3C1F00BA0094 /* bg@2x.png in Resources */,
				97E170E2174E8F1B00BA0094 /* bg.png in Resources */,
				4C466042176FB63E00D1FE3A /* white@2x.png in Resources */,
				4C466044176FB69F00D1FE3A /* white.png in Resources */,
				4CEAEFE1176FC26300578254 /* MainWindow.xib in Resources */,
				4C90A23918D190EF00768B81 /* Images.xcassets in Resources */,
				4C8F7BCA177B58920015B2A8 /* white@2x~ipad.png in Resources */,
				4C8F7BCB177B58920015B2A8 /* white~ipad.png in Resources */,
				4C444E4E17A0017D00288139 /* FacebookLogin@2x.png in Resources */,
				4C9D1B5317A6A098007B0FEA /* Localizable.strings in Resources */,
			);
			runOnlyForDeploymentPostprocessing = 0;
		};
/* End PBXResourcesBuildPhase section */

/* Begin PBXShellScriptBuildPhase section */
		4CF2DE3517960D500052E92B /* ShellScript */ = {
			isa = PBXShellScriptBuildPhase;
			buildActionMask = 2147483647;
			files = (
			);
			inputPaths = (
			);
			outputPaths = (
			);
			runOnlyForDeploymentPostprocessing = 0;
			shellPath = /bin/sh;
			shellScript = "./Crashlytics.framework/run 05bf10b64dd5e5dbbe55dfb384d01abad7bba586";
		};
/* End PBXShellScriptBuildPhase section */

/* Begin PBXSourcesBuildPhase section */
		09ABC06913A1D52D009C3FCF /* Sources */ = {
			isa = PBXSourcesBuildPhase;
			buildActionMask = 2147483647;
			files = (
				4CB46D8118D14AAE00BBED30 /* ULLocationManager.m in Sources */,
				09ABC07F13A1D52D009C3FCF /* main.m in Sources */,
				09ABC08213A1D52D009C3FCF /* GMCAppDelegate.m in Sources */,
				476D1E2316A8273600077458 /* FSVenue.m in Sources */,
				4C9BB09419299AB70098B2C8 /* GMCVenueLoader.m in Sources */,
				471EAC5C16C0D419009F88F9 /* Foursquare2.m in Sources */,
				471EAC5D16C0D42C009F88F9 /* FSRequester.m in Sources */,
				471EAC5E16C0D42F009F88F9 /* FSTargetCallback.m in Sources */,
				471EAC5F16C0D432009F88F9 /* FSWebLogin.m in Sources */,
				4CC2636D18D3F1D9002B21BA /* ULUIDefs.m in Sources */,
				4CB46D8A18D154EC00BBED30 /* GMCVenue.m in Sources */,
				4CB46D8418D14E6000BBED30 /* GMCGlobal.m in Sources */,
				4C9BB09819299CE20098B2C8 /* GMCMainViewController.m in Sources */,
			);
			runOnlyForDeploymentPostprocessing = 0;
		};
/* End PBXSourcesBuildPhase section */

/* Begin XCBuildConfiguration section */
		09ABC08C13A1D52E009C3FCF /* Debug */ = {
			isa = XCBuildConfiguration;
			buildSettings = {
				CLANG_ENABLE_OBJC_ARC = YES;
				CLANG_WARN_BOOL_CONVERSION = YES;
				CLANG_WARN_CONSTANT_CONVERSION = YES;
				CLANG_WARN_EMPTY_BODY = YES;
				CLANG_WARN_ENUM_CONVERSION = YES;
				CLANG_WARN_INT_CONVERSION = YES;
				CLANG_WARN__DUPLICATE_METHOD_MATCH = YES;
				CODE_SIGN_IDENTITY = "iPhone Distribution: Mikhail Larionov (WDEGJM2L33)";
				"CODE_SIGN_IDENTITY[sdk=iphoneos*]" = "iPhone Distribution: Mikhail Larionov (WDEGJM2L33)";
				GCC_C_LANGUAGE_STANDARD = gnu99;
				GCC_OPTIMIZATION_LEVEL = 0;
				GCC_PREPROCESSOR_DEFINITIONS = DEBUG;
				GCC_SYMBOLS_PRIVATE_EXTERN = NO;
				GCC_VERSION = com.apple.compilers.llvm.clang.1_0;
				GCC_WARN_64_TO_32_BIT_CONVERSION = YES;
				GCC_WARN_ABOUT_RETURN_TYPE = YES;
				GCC_WARN_UNDECLARED_SELECTOR = YES;
				GCC_WARN_UNINITIALIZED_AUTOS = YES;
				GCC_WARN_UNUSED_FUNCTION = YES;
				GCC_WARN_UNUSED_VARIABLE = YES;
				IPHONEOS_DEPLOYMENT_TARGET = 5.0;
				ONLY_ACTIVE_ARCH = YES;
				PROVISIONING_PROFILE = "0481C223-DAD0-49D1-B4E9-46E811293CE3";
				"PROVISIONING_PROFILE[sdk=iphoneos*]" = "0481C223-DAD0-49D1-B4E9-46E811293CE3";
				SDKROOT = iphoneos;
			};
			name = Debug;
		};
		09ABC08D13A1D52E009C3FCF /* Release */ = {
			isa = XCBuildConfiguration;
			buildSettings = {
				CLANG_ENABLE_OBJC_ARC = YES;
				CLANG_WARN_BOOL_CONVERSION = YES;
				CLANG_WARN_CONSTANT_CONVERSION = YES;
				CLANG_WARN_EMPTY_BODY = YES;
				CLANG_WARN_ENUM_CONVERSION = YES;
				CLANG_WARN_INT_CONVERSION = YES;
				CLANG_WARN__DUPLICATE_METHOD_MATCH = YES;
				CODE_SIGN_IDENTITY = "iPhone Distribution: Mikhail Larionov (WDEGJM2L33)";
				"CODE_SIGN_IDENTITY[sdk=iphoneos*]" = "iPhone Distribution: Mikhail Larionov (WDEGJM2L33)";
				GCC_C_LANGUAGE_STANDARD = gnu99;
				GCC_VERSION = com.apple.compilers.llvm.clang.1_0;
				GCC_WARN_64_TO_32_BIT_CONVERSION = YES;
				GCC_WARN_ABOUT_RETURN_TYPE = YES;
				GCC_WARN_UNDECLARED_SELECTOR = YES;
				GCC_WARN_UNINITIALIZED_AUTOS = YES;
				GCC_WARN_UNUSED_FUNCTION = YES;
				GCC_WARN_UNUSED_VARIABLE = YES;
				IPHONEOS_DEPLOYMENT_TARGET = 5.0;
				OTHER_CFLAGS = "-DNS_BLOCK_ASSERTIONS=1";
				PROVISIONING_PROFILE = "0481C223-DAD0-49D1-B4E9-46E811293CE3";
				"PROVISIONING_PROFILE[sdk=iphoneos*]" = "0481C223-DAD0-49D1-B4E9-46E811293CE3";
				SDKROOT = iphoneos;
			};
			name = Release;
		};
		09ABC08F13A1D52E009C3FCF /* Debug */ = {
			isa = XCBuildConfiguration;
			buildSettings = {
				ALWAYS_SEARCH_USER_PATHS = NO;
				ASSETCATALOG_COMPILER_APPICON_NAME = AppIcon;
				ASSETCATALOG_COMPILER_LAUNCHIMAGE_NAME = LaunchImage;
				CLANG_ENABLE_OBJC_ARC = YES;
				CODE_SIGN_IDENTITY = "iPhone Developer: Mikhail Larionov (MP6BRCGVEV)";
				"CODE_SIGN_IDENTITY[sdk=iphoneos*]" = "iPhone Developer: Mikhail Larionov (MP6BRCGVEV)";
				COPY_PHASE_STRIP = NO;
				FRAMEWORK_SEARCH_PATHS = (
					"$(inherited)",
					"$(SRCROOT)",
					"\"$(SRCROOT)/libs\"",
					/Users/Michael/Documents,
					/Users/Michael/Documents/FacebookSDK,
				);
				GCC_DYNAMIC_NO_PIC = NO;
				GCC_PRECOMPILE_PREFIX_HEADER = YES;
				GCC_PREFIX_HEADER = Project/GimmeCoffee.pch;
				GCC_PREPROCESSOR_DEFINITIONS = (
					DEBUG,
					TARGET_LOCALFEED,
				);
				GCC_VERSION = com.apple.compilers.llvm.clang.1_0;
				HEADER_SEARCH_PATHS = "\"$(SRCROOT)/libs\"";
				INFOPLIST_FILE = Project/GimmeCoffee.plist;
				IPHONEOS_DEPLOYMENT_TARGET = 6.0;
				LIBRARY_SEARCH_PATHS = (
					"$(inherited)",
					/Users/Michael/Documents/TestFlightSDK3,
				);
				OTHER_LDFLAGS = "";
				PRODUCT_NAME = GimmeCoffee;
				PROVISIONING_PROFILE = "8A09C321-9456-4EA7-B494-FB8698369E6B";
				"PROVISIONING_PROFILE[sdk=iphoneos*]" = "8A09C321-9456-4EA7-B494-FB8698369E6B";
				TARGETED_DEVICE_FAMILY = 1;
				VALID_ARCHS = "arm64 armv7 armv7s";
				WARNING_CFLAGS = "-Wno-arc-performSelector-leaks";
				WRAPPER_EXTENSION = app;
			};
			name = Debug;
		};
		09ABC09013A1D52E009C3FCF /* Release */ = {
			isa = XCBuildConfiguration;
			buildSettings = {
				ALWAYS_SEARCH_USER_PATHS = NO;
				ASSETCATALOG_COMPILER_APPICON_NAME = AppIcon;
				ASSETCATALOG_COMPILER_LAUNCHIMAGE_NAME = LaunchImage;
				CLANG_ENABLE_OBJC_ARC = YES;
				CODE_SIGN_IDENTITY = "iPhone Distribution: Mikhail Larionov (WDEGJM2L33)";
				"CODE_SIGN_IDENTITY[sdk=iphoneos*]" = "iPhone Distribution: Mikhail Larionov (WDEGJM2L33)";
				COPY_PHASE_STRIP = YES;
				FRAMEWORK_SEARCH_PATHS = (
					"$(inherited)",
					"$(SRCROOT)",
					"\"$(SRCROOT)/libs\"",
					/Users/Michael/Documents,
					/Users/Michael/Documents/FacebookSDK,
				);
				GCC_PRECOMPILE_PREFIX_HEADER = YES;
				GCC_PREFIX_HEADER = Project/GimmeCoffee.pch;
				GCC_PREPROCESSOR_DEFINITIONS = "";
				GCC_VERSION = com.apple.compilers.llvm.clang.1_0;
				HEADER_SEARCH_PATHS = "\"$(SRCROOT)/libs\"";
				INFOPLIST_FILE = Project/GimmeCoffee.plist;
				IPHONEOS_DEPLOYMENT_TARGET = 6.0;
				LIBRARY_SEARCH_PATHS = (
					"$(inherited)",
					/Users/Michael/Documents/TestFlightSDK3,
				);
				OTHER_LDFLAGS = "";
				PRODUCT_NAME = GimmeCoffee;
				PROVISIONING_PROFILE = "4C576530-5A20-47F1-832F-9B63BC1D5890";
				"PROVISIONING_PROFILE[sdk=iphoneos*]" = "4C576530-5A20-47F1-832F-9B63BC1D5890";
				TARGETED_DEVICE_FAMILY = 1;
				VALIDATE_PRODUCT = YES;
				VALID_ARCHS = "arm64 armv7 armv7s";
				WARNING_CFLAGS = "-Wno-arc-performSelector-leaks";
				WRAPPER_EXTENSION = app;
			};
			name = Release;
		};
/* End XCBuildConfiguration section */

/* Begin XCConfigurationList section */
		09ABC06713A1D52D009C3FCF /* Build configuration list for PBXProject "GimmeCoffee" */ = {
			isa = XCConfigurationList;
			buildConfigurations = (
				09ABC08C13A1D52E009C3FCF /* Debug */,
				09ABC08D13A1D52E009C3FCF /* Release */,
			);
			defaultConfigurationIsVisible = 0;
			defaultConfigurationName = Release;
		};
		09ABC08E13A1D52E009C3FCF /* Build configuration list for PBXNativeTarget "GimmeCoffee" */ = {
			isa = XCConfigurationList;
			buildConfigurations = (
				09ABC08F13A1D52E009C3FCF /* Debug */,
				09ABC09013A1D52E009C3FCF /* Release */,
			);
			defaultConfigurationIsVisible = 0;
			defaultConfigurationName = Release;
		};
/* End XCConfigurationList section */
	};
	rootObject = 09ABC06413A1D52D009C3FCF /* Project object */;
}
